<?xml version="1.0" encoding="utf-8"?>
<Project ToolsVersion="4.0" xmlns="http://schemas.microsoft.com/developer/msbuild/2003">
  <ItemGroup>
    <Filter Include="win32">
      <UniqueIdentifier>{84a8ebd7-7cf0-47f6-b75e-d441df67da40}</UniqueIdentifier>
    </Filter>
    <Filter Include="resource">
      <UniqueIdentifier>{715254bc-d70b-4ec5-bf29-467dd3ace079}</UniqueIdentifier>
    </Filter>
    <Filter Include="src">
      <UniqueIdentifier>{bb6c862e-70e9-49d9-81b7-3829a6f50471}</UniqueIdentifier>
    </Filter>
    <Filter Include="src\mini_games">
      <UniqueIdentifier>{684cf30e-10bb-4c7a-af3a-2304608412a3}</UniqueIdentifier>
    </Filter>
    <Filter Include="src\puzzle">
      <UniqueIdentifier>{88a1689e-310d-4237-938f-5b34660149aa}</UniqueIdentifier>
    </Filter>
    <Filter Include="src\alphamon">
      <UniqueIdentifier>{229347fd-1878-4ff9-b779-9e91102998ed}</UniqueIdentifier>
    </Filter>
    <Filter Include="src\effects">
      <UniqueIdentifier>{93c67490-6fbc-4d6b-8873-2210d1107f0a}</UniqueIdentifier>
    </Filter>
    <Filter Include="src\menu">
      <UniqueIdentifier>{83536741-7d1e-4315-a8b2-11d0bfdf05c7}</UniqueIdentifier>
    </Filter>
    <Filter Include="src\lang">
      <UniqueIdentifier>{5347c0b3-082d-4b46-b3f3-9193ce98832b}</UniqueIdentifier>
    </Filter>
  </ItemGroup>
  <ItemGroup>
    <ClCompile Include="main.cpp">
      <Filter>win32</Filter>
    </ClCompile>
    <ClCompile Include="..\Classes\AppDelegate.cpp">
      <Filter>src</Filter>
    </ClCompile>
    <ClCompile Include="..\Classes\HelloWorldScene.cpp">
      <Filter>src</Filter>
    </ClCompile>
    <ClCompile Include="..\Classes\ExternalSkeletonCharacter.cpp">
      <Filter>src</Filter>
    </ClCompile>
    <ClCompile Include="..\Classes\FallingState.cpp">
      <Filter>src</Filter>
    </ClCompile>
    <ClCompile Include="..\Classes\GestureLayer.cpp">
      <Filter>src</Filter>
    </ClCompile>
    <ClCompile Include="..\Classes\JumpingState.cpp">
      <Filter>src</Filter>
    </ClCompile>
    <ClCompile Include="..\Classes\MessageContent.cpp">
      <Filter>src</Filter>
    </ClCompile>
    <ClCompile Include="..\Classes\MessageReceiver.cpp">
      <Filter>src</Filter>
    </ClCompile>
    <ClCompile Include="..\Classes\MessageSender.cpp">
      <Filter>src</Filter>
    </ClCompile>
    <ClCompile Include="..\Classes\PhysicsShapeCache.cpp">
      <Filter>src</Filter>
    </ClCompile>
    <ClCompile Include="..\Classes\RPGConfig.cpp">
      <Filter>src</Filter>
    </ClCompile>
    <ClCompile Include="..\Classes\RPGSprite.cpp">
      <Filter>src</Filter>
    </ClCompile>
    <ClCompile Include="..\Classes\RunningState.cpp">
      <Filter>src</Filter>
    </ClCompile>
    <ClCompile Include="..\Classes\SkeletonCharacter.cpp">
      <Filter>src</Filter>
    </ClCompile>
    <ClCompile Include="..\Classes\SpeechBubbleView.cpp">
      <Filter>src</Filter>
    </ClCompile>
    <ClCompile Include="..\Classes\sqlite3.c">
      <Filter>src</Filter>
    </ClCompile>
    <ClCompile Include="..\Classes\Sqlite3Helper.cpp">
      <Filter>src</Filter>
    </ClCompile>
    <ClCompile Include="..\Classes\StandingState.cpp">
      <Filter>src</Filter>
    </ClCompile>
    <ClCompile Include="..\Classes\StartMenuScene.cpp">
      <Filter>src</Filter>
    </ClCompile>
    <ClCompile Include="..\Classes\State.cpp">
      <Filter>src</Filter>
    </ClCompile>
    <ClCompile Include="..\Classes\StateMachine.cpp">
      <Filter>src</Filter>
    </ClCompile>
    <ClCompile Include="..\Classes\mini_games\CrossTheBridgeScene.cpp">
      <Filter>src\mini_games</Filter>
    </ClCompile>
    <ClCompile Include="..\Classes\mini_games\EndlessRunner.cpp">
      <Filter>src\mini_games</Filter>
    </ClCompile>
    <ClCompile Include="..\Classes\mini_games\PatchTheWallScene.cpp">
      <Filter>src\mini_games</Filter>
    </ClCompile>
    <ClCompile Include="..\Classes\mini_games\SmashTheRockLevelScene.cpp">
      <Filter>src\mini_games</Filter>
    </ClCompile>
    <ClCompile Include="..\Classes\mini_games\SmashTheRockScene.cpp">
      <Filter>src\mini_games</Filter>
    </ClCompile>
    <ClCompile Include="..\Classes\mini_games\SpriteCreate.cpp">
      <Filter>src\mini_games</Filter>
    </ClCompile>
    <ClCompile Include="..\Classes\alphamon\Alphamon.cpp">
      <Filter>src\alphamon</Filter>
    </ClCompile>
    <ClCompile Include="..\Classes\alphamon\HPMeter.cpp">
      <Filter>src\alphamon</Filter>
    </ClCompile>
    <ClCompile Include="..\Classes\alphamon\SelectAlphamonScene.cpp">
      <Filter>src\alphamon</Filter>
    </ClCompile>
    <ClCompile Include="..\Classes\effects\FShake.cpp">
      <Filter>src\effects</Filter>
    </ClCompile>
    <ClCompile Include="..\Classes\puzzle\Alphabet.cpp">
      <Filter>src\puzzle</Filter>
    </ClCompile>
    <ClCompile Include="..\Classes\puzzle\AlphabetGrid.cpp">
      <Filter>src\puzzle</Filter>
    </ClCompile>
    <ClCompile Include="..\Classes\puzzle\CharGenerator.cpp">
      <Filter>src\puzzle</Filter>
    </ClCompile>
    <ClCompile Include="..\Classes\puzzle\DuelScene.cpp">
      <Filter>src\puzzle</Filter>
    </ClCompile>
    <ClCompile Include="..\Classes\mini_games\Cannon_Ball_Listener.cpp">
      <Filter>src\mini_games</Filter>
    </ClCompile>
    <ClCompile Include="..\Classes\mini_games\Cannon_Ball_Main.cpp">
      <Filter>src\mini_games</Filter>
    </ClCompile>
    <ClCompile Include="..\Classes\mini_games\AlphamonFeedLevelScene.cpp">
      <Filter>src\mini_games</Filter>
    </ClCompile>
    <ClCompile Include="..\Classes\mini_games\AlphamonFeedScene.cpp">
      <Filter>src\mini_games</Filter>
    </ClCompile>
    <ClCompile Include="..\Classes\menu\MenuContext.cpp">
      <Filter>src\menu</Filter>
    </ClCompile>
    <ClCompile Include="..\Classes\AlphamonSprite.cpp">
      <Filter>src</Filter>
    </ClCompile>
    <ClCompile Include="..\Classes\SkeletonPosition.cpp">
      <Filter>src</Filter>
    </ClCompile>
    <ClCompile Include="..\Classes\mini_games\TraceScene.cpp">
      <Filter>src\mini_games</Filter>
    </ClCompile>
    <ClCompile Include="..\Classes\menu\MenuContext.cpp">
      <Filter>src\menu</Filter>
    </ClCompile>
    <ClCompile Include="..\Classes\AlphamonSprite.cpp">
    </ClCompile>
    <ClCompile Include="..\Classes\WalkingState.cpp">
      <Filter>src</Filter>
    </ClCompile>
    <ClCompile Include="..\Classes\SkeletonConfiguration.cpp">
      <Filter>src</Filter>
    </ClCompile>
    <ClCompile Include="..\Classes\lang\EnglishUtil.cpp">
      <Filter>src\lang</Filter>
    </ClCompile>
    <ClCompile Include="..\Classes\lang\KannadaUtil.cpp">
      <Filter>src\lang</Filter>
    </ClCompile>
    <ClCompile Include="..\Classes\lang\LangUtil.cpp">
      <Filter>src\lang</Filter>
    </ClCompile>
    <ClCompile Include="..\Classes\Entry.cpp">
      <Filter>src</Filter>
    </ClCompile>
    <ClCompile Include="..\Classes\I18nUtils.cpp">
      <Filter>src</Filter>
    </ClCompile>
    <ClCompile Include="..\Classes\LanguageManager.cpp">
      <Filter>src</Filter>
    </ClCompile>
    <ClCompile Include="..\Classes\MO.cpp">
      <Filter>src</Filter>
    </ClCompile>
    <ClCompile Include="..\Classes\MapIsland.cpp">
      <Filter>src</Filter>
    </ClCompile>
    <ClCompile Include="..\Classes\MapScene.cpp">
      <Filter>src</Filter>
    </ClCompile>
    <ClCompile Include="..\Classes\GameScene.cpp">
      <Filter>src</Filter>
    </ClCompile>
    <ClCompile Include="..\Classes\lang\SafariAnalyticsManager.cpp">
      <Filter>src\lang</Filter>
    </ClCompile>
    <ClCompile Include="..\Classes\GameMapScene.cpp">
      <Filter>src</Filter>
    </ClCompile>
    <ClCompile Include="..\Classes\menu\ScoreBoardContent.cpp">
      <Filter>src\menu</Filter>
    </ClCompile>
    <ClCompile Include="..\Classes\mini_games\Baja.cpp">
      <Filter>src\mini_games</Filter>
    </ClCompile>
    <ClCompile Include="..\Classes\mini_games\Jasmin_Listenerfile.cpp">
      <Filter>src\mini_games</Filter>
    </ClCompile>
    <ClCompile Include="..\Classes\mini_games\Jasmin_Mainfile.cpp">
      <Filter>src\mini_games</Filter>
    </ClCompile>
    <ClCompile Include="..\Classes\mini_games\Wembley.cpp">
      <Filter>src\mini_games</Filter>
    </ClCompile>
    <ClCompile Include="..\Classes\puzzle\WordScene.cpp">
      <Filter>src\puzzle</Filter>
    </ClCompile>
    <ClCompile Include="..\Classes\lang\TextGenerator.cpp">
      <Filter>src\lang</Filter>
    </ClCompile>
    <ClCompile Include="..\Classes\lang\WordManager.cpp">
      <Filter>src\lang</Filter>
    </ClCompile>
    <ClCompile Include="..\Classes\WordSprite.cpp">
      <Filter>src</Filter>
    </ClCompile>
    <ClCompile Include="..\Classes\puzzle\Grapheme.cpp">
      <Filter>src\puzzle</Filter>
    </ClCompile>
    <ClCompile Include="..\Classes\puzzle\GraphemeGrid.cpp">
      <Filter>src\puzzle</Filter>
    </ClCompile>
    <ClCompile Include="..\Classes\mini_games\HippoScene.cpp">
      <Filter>src\mini_games</Filter>
    </ClCompile>
    <ClCompile Include="..\Classes\mini_games\HippoGameScene.cpp">
      <Filter>src\mini_games</Filter>
</ClCompile>
    <ClCompile Include="..\Classes\mini_games\jazz.cpp">
      <Filter>src\mini_games</Filter>
    </ClCompile>
    <ClCompile Include="..\Classes\lang\WordInfo.cpp">
      <Filter>src\lang</Filter>
    </ClCompile>
    <ClCompile Include="..\Classes\mini_games\Chain.cpp">
      <Filter>src\mini_games</Filter>
    </ClCompile>
    <ClCompile Include="..\Classes\puzzle\WordBoard.cpp">
      <Filter>src\puzzle</Filter>
    </ClCompile>
    <ClCompile Include="..\Classes\mini_games\BajaWordScene.cpp">
      <Filter>src\mini_games</Filter>
    </ClCompile>
    <ClCompile Include="..\Classes\puzzle\PegWord.cpp">
      <Filter>src\puzzle</Filter>
    </ClCompile>
  </ItemGroup>
  <ItemGroup>
    <ClInclude Include="main.h">
      <Filter>win32</Filter>
    </ClInclude>
    <ClInclude Include="..\Classes\AppDelegate.h">
      <Filter>src</Filter>
    </ClInclude>
    <ClInclude Include="..\Classes\HelloWorldScene.h">
      <Filter>src</Filter>
    </ClInclude>
    <ClInclude Include="..\Classes\ExternalSkeletonCharacter.h">
      <Filter>src</Filter>
    </ClInclude>
    <ClInclude Include="..\Classes\FallingState.h">
      <Filter>src</Filter>
    </ClInclude>
    <ClInclude Include="..\Classes\GestureLayer.hpp">
      <Filter>src</Filter>
    </ClInclude>
    <ClInclude Include="..\Classes\JumpingState.h">
      <Filter>src</Filter>
    </ClInclude>
    <ClInclude Include="..\Classes\MessageContent.hpp">
      <Filter>src</Filter>
    </ClInclude>
    <ClInclude Include="..\Classes\MessageReceiver.hpp">
      <Filter>src</Filter>
    </ClInclude>
    <ClInclude Include="..\Classes\MessageSender.hpp">
      <Filter>src</Filter>
    </ClInclude>
    <ClInclude Include="..\Classes\PhysicsShapeCache.h">
      <Filter>src</Filter>
    </ClInclude>
    <ClInclude Include="..\Classes\RPGConfig.h">
      <Filter>src</Filter>
    </ClInclude>
    <ClInclude Include="..\Classes\RPGSprite.h">
      <Filter>src</Filter>
    </ClInclude>
    <ClInclude Include="..\Classes\RunningState.h">
      <Filter>src</Filter>
    </ClInclude>
    <ClInclude Include="..\Classes\SkeletonCharacter.h">
      <Filter>src</Filter>
    </ClInclude>
    <ClInclude Include="..\Classes\SpeechBubbleView.hpp">
      <Filter>src</Filter>
    </ClInclude>
    <ClInclude Include="..\Classes\sqlite3.h">
      <Filter>src</Filter>
    </ClInclude>
    <ClInclude Include="..\Classes\Sqlite3Helper.hpp">
      <Filter>src</Filter>
    </ClInclude>
    <ClInclude Include="..\Classes\StandingState.h">
      <Filter>src</Filter>
    </ClInclude>
    <ClInclude Include="..\Classes\StartMenuScene.h">
      <Filter>src</Filter>
    </ClInclude>
    <ClInclude Include="..\Classes\State.h">
      <Filter>src</Filter>
    </ClInclude>
    <ClInclude Include="..\Classes\StateMachine.h">
      <Filter>src</Filter>
    </ClInclude>
    <ClInclude Include="..\Classes\WalkingState.h">
      <Filter>src</Filter>
    </ClInclude>
    <ClInclude Include="..\Classes\mini_games\CrossTheBridgeScene.h">
      <Filter>src\mini_games</Filter>
    </ClInclude>
    <ClInclude Include="..\Classes\mini_games\EndlessRunner.h">
      <Filter>src\mini_games</Filter>
    </ClInclude>
    <ClInclude Include="..\Classes\mini_games\PatchTheWallScene.h">
      <Filter>src\mini_games</Filter>
    </ClInclude>
    <ClInclude Include="..\Classes\mini_games\SmashTheRockLevelScene.h">
      <Filter>src\mini_games</Filter>
    </ClInclude>
    <ClInclude Include="..\Classes\mini_games\SmashTheRockScene.h">
      <Filter>src\mini_games</Filter>
    </ClInclude>
    <ClInclude Include="..\Classes\mini_games\SpriteCreate.h">
      <Filter>src\mini_games</Filter>
    </ClInclude>
    <ClInclude Include="..\Classes\alphamon\Alphamon.h">
      <Filter>src\alphamon</Filter>
    </ClInclude>
    <ClInclude Include="..\Classes\alphamon\HPMeter.h">
      <Filter>src\alphamon</Filter>
    </ClInclude>
    <ClInclude Include="..\Classes\alphamon\SelectAlphamonScene.h">
      <Filter>src\alphamon</Filter>
    </ClInclude>
    <ClInclude Include="..\Classes\effects\FShake.h">
      <Filter>src\effects</Filter>
    </ClInclude>
    <ClInclude Include="..\Classes\puzzle\Alphabet.h">
      <Filter>src\puzzle</Filter>
    </ClInclude>
    <ClInclude Include="..\Classes\puzzle\AlphabetGrid.h">
      <Filter>src\puzzle</Filter>
    </ClInclude>
    <ClInclude Include="..\Classes\puzzle\CharGenerator.h">
      <Filter>src\puzzle</Filter>
    </ClInclude>
    <ClInclude Include="..\Classes\puzzle\DuelScene.h">
      <Filter>src\puzzle</Filter>
    </ClInclude>
    <ClInclude Include="..\Classes\mini_games\Cannon_Ball_Listener.h">
      <Filter>src\mini_games</Filter>
    </ClInclude>
    <ClInclude Include="..\Classes\mini_games\Cannon_Ball_Main.h">
      <Filter>src\mini_games</Filter>
    </ClInclude>
    <ClInclude Include="..\Classes\mini_games\AlphamonFeedScene.h">
      <Filter>src\mini_games</Filter>
    </ClInclude>
    <ClInclude Include="..\Classes\menu\MenuContext.h">
      <Filter>src\menu</Filter>
    </ClInclude>
    <ClInclude Include="..\Classes\AlphamonSprite.h">
      <Filter>src</Filter>
    </ClInclude>
    <ClInclude Include="..\Classes\SkeletonPosition.h">
      <Filter>src</Filter>
    </ClInclude>
    <ClInclude Include="..\Classes\mini_games\TraceScene.h">
      <Filter>src\mini_games</Filter>
    </ClInclude>
    <ClInclude Include="..\Classes\menu\MenuContext.h">
      <Filter>src\menu</Filter>
    </ClInclude>
    <ClInclude Include="..\Classes\AlphamonSprite.h">
      <Filter>src</Filter>
    </ClInclude>
    <ClInclude Include="..\Classes\SkeletonConfiguration.h">
      <Filter>src</Filter>
    </ClInclude>
    <ClInclude Include="..\Classes\lang\EnglishUtil.h">
      <Filter>src\lang</Filter>
    </ClInclude>
    <ClInclude Include="..\Classes\lang\KannadaUtil.h">
      <Filter>src\lang</Filter>
    </ClInclude>
    <ClInclude Include="..\Classes\lang\LangUtil.h">
      <Filter>src\lang</Filter>
    </ClInclude>
    <ClInclude Include="..\Classes\Entry.h">
      <Filter>src</Filter>
    </ClInclude>
    <ClInclude Include="..\Classes\I18nDefine.h">
      <Filter>src</Filter>
    </ClInclude>
    <ClInclude Include="..\Classes\I18nUtils.h">
      <Filter>src</Filter>
    </ClInclude>
    <ClInclude Include="..\Classes\LanguageManager.h">
      <Filter>src</Filter>
    </ClInclude>
    <ClInclude Include="..\Classes\MO.h">
      <Filter>src</Filter>
    </ClInclude>
    <ClInclude Include="..\Classes\MapIsland.h">
      <Filter>src</Filter>
    </ClInclude>
    <ClInclude Include="..\Classes\MapScene.h">
      <Filter>src</Filter>
    </ClInclude>
    <ClInclude Include="..\Classes\GameScene.h">
      <Filter>src</Filter>
    </ClInclude>
    <ClInclude Include="..\Classes\lang\SafariAnalyticsManager.h">
      <Filter>src\lang</Filter>
    </ClInclude>
    <ClInclude Include="..\Classes\GameMapScene.h">
      <Filter>src</Filter>
    </ClInclude>
    <ClInclude Include="..\Classes\menu\ScoreBoardContext.h">
      <Filter>src\menu</Filter>
    </ClInclude>
    <ClInclude Include="..\Classes\mini_games\Baja.h">
      <Filter>src\mini_games</Filter>
    </ClInclude>
    <ClInclude Include="..\Classes\mini_games\Jasmin_Listenerfile.h">
      <Filter>src\mini_games</Filter>
    </ClInclude>
    <ClInclude Include="..\Classes\mini_games\Jasmin_Mainfile.h">
      <Filter>src\mini_games</Filter>
    </ClInclude>
    <ClInclude Include="..\Classes\mini_games\Wembley.h">
      <Filter>src\mini_games</Filter>
    </ClInclude>
    <ClInclude Include="..\Classes\puzzle\WordScene.h">
      <Filter>src\puzzle</Filter>
    </ClInclude>
    <ClInclude Include="..\Classes\lang\TextGenerator.h">
      <Filter>src\lang</Filter>
    </ClInclude>
    <ClInclude Include="..\Classes\lang\WordManager.h">
      <Filter>src\lang</Filter>
    </ClInclude>
    <ClInclude Include="..\Classes\WordSprite.h">
      <Filter>src</Filter>
    </ClInclude>
    <ClInclude Include="..\Classes\puzzle\Grapheme.h">
      <Filter>src\puzzle</Filter>
    </ClInclude>
    <ClInclude Include="..\Classes\puzzle\GraphemeGrid.h">
      <Filter>src\puzzle</Filter>
    </ClInclude>

    <ClInclude Include="..\Classes\mini_games\HippoScene.h">
      <Filter>src\mini_games</Filter>
    </ClInclude>
    <ClInclude Include="..\Classes\mini_games\HippoGameScene.h">
      <Filter>src\mini_games</Filter>
  </ClInclude>
    <ClInclude Include="..\Classes\mini_games\jazz.h">
      <Filter>src\mini_games</Filter>
    </ClInclude>
    <ClInclude Include="..\Classes\lang\WordInfo.h">
      <Filter>src\lang</Filter>

    </ClInclude>
    <ClInclude Include="..\Classes\mini_games\Chain.h">
      <Filter>src\mini_games</Filter>
    </ClInclude>
    <ClInclude Include="..\Classes\puzzle\WordBoard.h">
      <Filter>src\puzzle</Filter>
    </ClInclude>
    <ClInclude Include="..\Classes\mini_games\BajaWordScene.h">
      <Filter>src\mini_games</Filter>
    </ClInclude>
    <ClInclude Include="..\Classes\puzzle\PegWord.h">
      <Filter>src\puzzle</Filter>
    </ClInclude>
  </ItemGroup>
  <ItemGroup>
    <ResourceCompile Include="game.rc">
      <Filter>resource</Filter>
    </ResourceCompile>
  </ItemGroup>
  <ItemGroup>
    <None Include="..\Resources\res\alpha_feed.csb">
      <Filter>resource</Filter>
    </None>
    <None Include="..\Resources\res\Alphacombat.csb">
      <Filter>resource</Filter>
    </None>
    <None Include="..\Resources\res\baloo_bhai.fnt">
      <Filter>resource</Filter>
    </None>
    <None Include="..\Resources\res\battle_ground.csb">
      <Filter>resource</Filter>
    </None>
    <None Include="..\Resources\res\blast.csb">
      <Filter>resource</Filter>
    </None>
    <None Include="..\Resources\res\CrossTheBridge.csb">
      <Filter>resource</Filter>
    </None>
    <None Include="..\Resources\res\enemy_animation.csb">
      <Filter>resource</Filter>
    </None>
    <None Include="..\Resources\res\hero_skeleton.csb">
      <Filter>resource</Filter>
    </None>
    <None Include="..\Resources\res\human_skeleton.csb">
      <Filter>resource</Filter>
    </None>
    <None Include="..\Resources\res\human_skeleton1.csb">
      <Filter>resource</Filter>
    </None>
    <None Include="..\Resources\res\human_spritesheet_01.plist">
      <Filter>resource</Filter>
    </None>
    <None Include="..\Resources\res\human_spritesheet_02.plist">
      <Filter>resource</Filter>
    </None>
    <None Include="..\Resources\res\human_spritesheet_03.plist">
      <Filter>resource</Filter>
    </None>
    <None Include="..\Resources\res\human_spritesheet_04.plist">
      <Filter>resource</Filter>
    </None>
    <None Include="..\Resources\res\mainanimation.csb">
      <Filter>resource</Filter>
    </None>
    <None Include="..\Resources\res\MainScene.csb">
      <Filter>resource</Filter>
    </None>
    <None Include="..\Resources\res\safari.db3">
      <Filter>resource</Filter>
    </None>
    <None Include="..\Resources\res\watersplash.csb">
      <Filter>resource</Filter>
    </None>
  </ItemGroup>
  <ItemGroup>
    <Media Include="..\Resources\res\bubble.mp3">
      <Filter>resource</Filter>
    </Media>
  </ItemGroup>
  <ItemGroup>
    <Font Include="..\Resources\res\letters.ttf">
      <Filter>resource</Filter>
    </Font>
  </ItemGroup>
</Project>