// !$*UTF8*$!
{
	archiveVersion = 1;
	classes = {
	};
	objectVersion = 46;
	objects = {

/* Begin PBXBuildFile section */
		1AC6FB21180E996B004C840B /* libcocos2d Mac.a in Frameworks */ = {isa = PBXBuildFile; fileRef = 1AC6FAF9180E9839004C840B /* libcocos2d Mac.a */; };
		1AC6FB30180E99EB004C840B /* libcocos2d iOS.a in Frameworks */ = {isa = PBXBuildFile; fileRef = 1AC6FB07180E9839004C840B /* libcocos2d iOS.a */; };
		1D60589F0D05DD5A006BFB54 /* Foundation.framework in Frameworks */ = {isa = PBXBuildFile; fileRef = 1D30AB110D05D00D00671497 /* Foundation.framework */; };
		1DF5F4E00D08C38300B7A737 /* UIKit.framework in Frameworks */ = {isa = PBXBuildFile; fileRef = 1DF5F4DF0D08C38300B7A737 /* UIKit.framework */; };
		288765A50DF7441C002DB57D /* CoreGraphics.framework in Frameworks */ = {isa = PBXBuildFile; fileRef = 288765A40DF7441C002DB57D /* CoreGraphics.framework */; };
		370839D61D28CC5C009A20EB /* human_skeleton1.csb in Resources */ = {isa = PBXBuildFile; fileRef = 370839D21D28CC5C009A20EB /* human_skeleton1.csb */; };
		370839D71D28CC5C009A20EB /* Plist.plist in Resources */ = {isa = PBXBuildFile; fileRef = 370839D31D28CC5C009A20EB /* Plist.plist */; };
		370839D91D28CC5C009A20EB /* Plist.png in Resources */ = {isa = PBXBuildFile; fileRef = 370839D41D28CC5C009A20EB /* Plist.png */; };
		370839DA1D28CC5C009A20EB /* Plist.png in Resources */ = {isa = PBXBuildFile; fileRef = 370839D41D28CC5C009A20EB /* Plist.png */; };
		371342A51D314D9A0091F1E4 /* MessageSender.cpp in Sources */ = {isa = PBXBuildFile; fileRef = 371342A31D314D9A0091F1E4 /* MessageSender.cpp */; };
		371342AA1D314DA70091F1E4 /* MessageReceiver.cpp in Sources */ = {isa = PBXBuildFile; fileRef = 371342A81D314DA70091F1E4 /* MessageReceiver.cpp */; };
		371342AB1D314DA70091F1E4 /* MessageReceiver.cpp in Sources */ = {isa = PBXBuildFile; fileRef = 371342A81D314DA70091F1E4 /* MessageReceiver.cpp */; };
		3725F4D31D31EBEB0000B851 /* MessageContent.cpp in Sources */ = {isa = PBXBuildFile; fileRef = 3725F4D11D31EBEB0000B851 /* MessageContent.cpp */; };
		3725F4D41D31EBEB0000B851 /* MessageContent.cpp in Sources */ = {isa = PBXBuildFile; fileRef = 3725F4D11D31EBEB0000B851 /* MessageContent.cpp */; };
		3725F4DA1D32585B0000B851 /* SpeechBubbleView.cpp in Sources */ = {isa = PBXBuildFile; fileRef = 3725F4D71D32585B0000B851 /* SpeechBubbleView.cpp */; };
		3734F7AF1D2CFD39009DC72F /* sqlite3.c in Sources */ = {isa = PBXBuildFile; fileRef = 3734F7AD1D2CFD39009DC72F /* sqlite3.c */; };
		3750CC671D2943E6003CCCAC /* foreground in Resources */ = {isa = PBXBuildFile; fileRef = 3750CC5B1D2943E6003CCCAC /* foreground */; };
		3750CC681D2943E6003CCCAC /* foreground.csb in Resources */ = {isa = PBXBuildFile; fileRef = 3750CC5C1D2943E6003CCCAC /* foreground.csb */; };
		3750CC691D2943E6003CCCAC /* foreground.csb in Resources */ = {isa = PBXBuildFile; fileRef = 3750CC5C1D2943E6003CCCAC /* foreground.csb */; };
		3750CC6C1D2943E6003CCCAC /* main.csb in Resources */ = {isa = PBXBuildFile; fileRef = 3750CC5E1D2943E6003CCCAC /* main.csb */; };
		3750CC6D1D2943E6003CCCAC /* main.csb in Resources */ = {isa = PBXBuildFile; fileRef = 3750CC5E1D2943E6003CCCAC /* main.csb */; };
		375C88981D30B5E400D92786 /* Sqlite3Helper.cpp in Sources */ = {isa = PBXBuildFile; fileRef = 375C88961D30B5E400D92786 /* Sqlite3Helper.cpp */; };
		379605361D33916E00B9E06D /* State.cpp in Sources */ = {isa = PBXBuildFile; fileRef = 379605351D33916E00B9E06D /* State.cpp */; };
		3796053D1D3396AD00B9E06D /* WalkingState.cpp in Sources */ = {isa = PBXBuildFile; fileRef = 3796053C1D3396AD00B9E06D /* WalkingState.cpp */; };
		379605401D33974900B9E06D /* JumpingState.cpp in Sources */ = {isa = PBXBuildFile; fileRef = 3796053F1D33974900B9E06D /* JumpingState.cpp */; };
		379605431D33A7F400B9E06D /* StandingState.cpp in Sources */ = {isa = PBXBuildFile; fileRef = 379605421D33A7F400B9E06D /* StandingState.cpp */; };
		37D117141D24D3F30064565A /* StateMachine.cpp in Sources */ = {isa = PBXBuildFile; fileRef = 37D1170D1D24D3F30064565A /* StateMachine.cpp */; };
		37D117151D24D3F30064565A /* StateMachine.cpp in Sources */ = {isa = PBXBuildFile; fileRef = 37D1170D1D24D3F30064565A /* StateMachine.cpp */; };
		37D1171D1D24D4100064565A /* SkeletonCharacter.cpp in Sources */ = {isa = PBXBuildFile; fileRef = 37D117181D24D4100064565A /* SkeletonCharacter.cpp */; };
		37D1171E1D24D4100064565A /* SkeletonCharacter.cpp in Sources */ = {isa = PBXBuildFile; fileRef = 37D117181D24D4100064565A /* SkeletonCharacter.cpp */; };
		37D1171F1D24D4100064565A /* RPGConfig.cpp in Sources */ = {isa = PBXBuildFile; fileRef = 37D1171A1D24D4100064565A /* RPGConfig.cpp */; };
		37D117201D24D4100064565A /* RPGConfig.cpp in Sources */ = {isa = PBXBuildFile; fileRef = 37D1171A1D24D4100064565A /* RPGConfig.cpp */; };
		37D117211D24D4100064565A /* GestureLayer.cpp in Sources */ = {isa = PBXBuildFile; fileRef = 37D1171B1D24D4100064565A /* GestureLayer.cpp */; };
		37D117221D24D4100064565A /* GestureLayer.cpp in Sources */ = {isa = PBXBuildFile; fileRef = 37D1171B1D24D4100064565A /* GestureLayer.cpp */; };
		37D117431D24D47B0064565A /* hand_gear in Resources */ = {isa = PBXBuildFile; fileRef = 37D1172B1D24D47B0064565A /* hand_gear */; };
		37D117441D24D47B0064565A /* hand_gear in Resources */ = {isa = PBXBuildFile; fileRef = 37D1172B1D24D47B0064565A /* hand_gear */; };
		37D117471D24D47B0064565A /* human_spritesheet_01.plist in Resources */ = {isa = PBXBuildFile; fileRef = 37D1172D1D24D47B0064565A /* human_spritesheet_01.plist */; };
		37D117481D24D47B0064565A /* human_spritesheet_01.plist in Resources */ = {isa = PBXBuildFile; fileRef = 37D1172D1D24D47B0064565A /* human_spritesheet_01.plist */; };
		37D117491D24D47B0064565A /* human_spritesheet_01.png in Resources */ = {isa = PBXBuildFile; fileRef = 37D1172E1D24D47B0064565A /* human_spritesheet_01.png */; };
		37D1174A1D24D47B0064565A /* human_spritesheet_01.png in Resources */ = {isa = PBXBuildFile; fileRef = 37D1172E1D24D47B0064565A /* human_spritesheet_01.png */; };
		37D1174B1D24D47B0064565A /* human_spritesheet_02.plist in Resources */ = {isa = PBXBuildFile; fileRef = 37D1172F1D24D47B0064565A /* human_spritesheet_02.plist */; };
		37D1174C1D24D47B0064565A /* human_spritesheet_02.plist in Resources */ = {isa = PBXBuildFile; fileRef = 37D1172F1D24D47B0064565A /* human_spritesheet_02.plist */; };
		37D1174D1D24D47B0064565A /* human_spritesheet_02.png in Resources */ = {isa = PBXBuildFile; fileRef = 37D117301D24D47B0064565A /* human_spritesheet_02.png */; };
		37D1174E1D24D47B0064565A /* human_spritesheet_02.png in Resources */ = {isa = PBXBuildFile; fileRef = 37D117301D24D47B0064565A /* human_spritesheet_02.png */; };
		37D1174F1D24D47B0064565A /* human_spritesheet_03.plist in Resources */ = {isa = PBXBuildFile; fileRef = 37D117311D24D47B0064565A /* human_spritesheet_03.plist */; };
		37D117501D24D47B0064565A /* human_spritesheet_03.plist in Resources */ = {isa = PBXBuildFile; fileRef = 37D117311D24D47B0064565A /* human_spritesheet_03.plist */; };
		37D117511D24D47B0064565A /* human_spritesheet_03.png in Resources */ = {isa = PBXBuildFile; fileRef = 37D117321D24D47B0064565A /* human_spritesheet_03.png */; };
		37D117521D24D47B0064565A /* human_spritesheet_03.png in Resources */ = {isa = PBXBuildFile; fileRef = 37D117321D24D47B0064565A /* human_spritesheet_03.png */; };
		37D117531D24D47B0064565A /* human_spritesheet_04.plist in Resources */ = {isa = PBXBuildFile; fileRef = 37D117331D24D47B0064565A /* human_spritesheet_04.plist */; };
		37D117541D24D47B0064565A /* human_spritesheet_04.plist in Resources */ = {isa = PBXBuildFile; fileRef = 37D117331D24D47B0064565A /* human_spritesheet_04.plist */; };
		37D117551D24D47B0064565A /* human_spritesheet_04.png in Resources */ = {isa = PBXBuildFile; fileRef = 37D117341D24D47B0064565A /* human_spritesheet_04.png */; };
		37D117561D24D47B0064565A /* human_spritesheet_04.png in Resources */ = {isa = PBXBuildFile; fileRef = 37D117341D24D47B0064565A /* human_spritesheet_04.png */; };
		46880B7B19C43A67006E1F66 /* CloseNormal.png in Resources */ = {isa = PBXBuildFile; fileRef = 46880B7619C43A67006E1F66 /* CloseNormal.png */; };
		46880B7C19C43A67006E1F66 /* CloseNormal.png in Resources */ = {isa = PBXBuildFile; fileRef = 46880B7619C43A67006E1F66 /* CloseNormal.png */; };
		46880B7D19C43A67006E1F66 /* CloseSelected.png in Resources */ = {isa = PBXBuildFile; fileRef = 46880B7719C43A67006E1F66 /* CloseSelected.png */; };
		46880B7E19C43A67006E1F66 /* CloseSelected.png in Resources */ = {isa = PBXBuildFile; fileRef = 46880B7719C43A67006E1F66 /* CloseSelected.png */; };
		46880B8119C43A67006E1F66 /* HelloWorld.png in Resources */ = {isa = PBXBuildFile; fileRef = 46880B7A19C43A67006E1F66 /* HelloWorld.png */; };
		46880B8219C43A67006E1F66 /* HelloWorld.png in Resources */ = {isa = PBXBuildFile; fileRef = 46880B7A19C43A67006E1F66 /* HelloWorld.png */; };
		46880B8B19C43A87006E1F66 /* HelloWorldScene.cpp in Sources */ = {isa = PBXBuildFile; fileRef = 46880B8619C43A87006E1F66 /* HelloWorldScene.cpp */; };
		503AE0F817EB97AB00D1A890 /* Icon.icns in Resources */ = {isa = PBXBuildFile; fileRef = 503AE0F617EB97AB00D1A890 /* Icon.icns */; };
		503AE10017EB989F00D1A890 /* AppController.mm in Sources */ = {isa = PBXBuildFile; fileRef = 503AE0FB17EB989F00D1A890 /* AppController.mm */; };
		503AE10117EB989F00D1A890 /* main.m in Sources */ = {isa = PBXBuildFile; fileRef = 503AE0FC17EB989F00D1A890 /* main.m */; };
		503AE10217EB989F00D1A890 /* RootViewController.mm in Sources */ = {isa = PBXBuildFile; fileRef = 503AE0FF17EB989F00D1A890 /* RootViewController.mm */; };
		503AE11B17EB9C5A00D1A890 /* IOKit.framework in Frameworks */ = {isa = PBXBuildFile; fileRef = 503AE11A17EB9C5A00D1A890 /* IOKit.framework */; };
		5087E76317EB910900C73F5D /* Foundation.framework in Frameworks */ = {isa = PBXBuildFile; fileRef = 1D30AB110D05D00D00671497 /* Foundation.framework */; };
		5087E76717EB910900C73F5D /* libz.dylib in Frameworks */ = {isa = PBXBuildFile; fileRef = BF170DB412928DE900B8313A /* libz.dylib */; };
		5087E76817EB910900C73F5D /* QuartzCore.framework in Frameworks */ = {isa = PBXBuildFile; fileRef = BF1C47EA1293683800B63C5D /* QuartzCore.framework */; };
		5087E76917EB910900C73F5D /* OpenAL.framework in Frameworks */ = {isa = PBXBuildFile; fileRef = D44C620B132DFF330009C878 /* OpenAL.framework */; };
		5087E76A17EB910900C73F5D /* AVFoundation.framework in Frameworks */ = {isa = PBXBuildFile; fileRef = D44C620D132DFF430009C878 /* AVFoundation.framework */; };
		5087E76B17EB910900C73F5D /* AudioToolbox.framework in Frameworks */ = {isa = PBXBuildFile; fileRef = D44C620F132DFF4E0009C878 /* AudioToolbox.framework */; };
		5087E77D17EB970100C73F5D /* Default-568h@2x.png in Resources */ = {isa = PBXBuildFile; fileRef = 5087E77217EB970100C73F5D /* Default-568h@2x.png */; };
		5087E77E17EB970100C73F5D /* Default.png in Resources */ = {isa = PBXBuildFile; fileRef = 5087E77317EB970100C73F5D /* Default.png */; };
		5087E77F17EB970100C73F5D /* Default@2x.png in Resources */ = {isa = PBXBuildFile; fileRef = 5087E77417EB970100C73F5D /* Default@2x.png */; };
		5087E78017EB970100C73F5D /* Icon-114.png in Resources */ = {isa = PBXBuildFile; fileRef = 5087E77517EB970100C73F5D /* Icon-114.png */; };
		5087E78117EB970100C73F5D /* Icon-120.png in Resources */ = {isa = PBXBuildFile; fileRef = 5087E77617EB970100C73F5D /* Icon-120.png */; };
		5087E78217EB970100C73F5D /* Icon-144.png in Resources */ = {isa = PBXBuildFile; fileRef = 5087E77717EB970100C73F5D /* Icon-144.png */; };
		5087E78317EB970100C73F5D /* Icon-152.png in Resources */ = {isa = PBXBuildFile; fileRef = 5087E77817EB970100C73F5D /* Icon-152.png */; };
		5087E78417EB970100C73F5D /* Icon-57.png in Resources */ = {isa = PBXBuildFile; fileRef = 5087E77917EB970100C73F5D /* Icon-57.png */; };
		5087E78517EB970100C73F5D /* Icon-72.png in Resources */ = {isa = PBXBuildFile; fileRef = 5087E77A17EB970100C73F5D /* Icon-72.png */; };
		5087E78617EB970100C73F5D /* Icon-76.png in Resources */ = {isa = PBXBuildFile; fileRef = 5087E77B17EB970100C73F5D /* Icon-76.png */; };
		5087E78917EB974C00C73F5D /* AppKit.framework in Frameworks */ = {isa = PBXBuildFile; fileRef = 5087E78817EB974C00C73F5D /* AppKit.framework */; };
		5087E78B17EB975400C73F5D /* OpenGL.framework in Frameworks */ = {isa = PBXBuildFile; fileRef = 5087E78A17EB975400C73F5D /* OpenGL.framework */; };
		50EF629617ECD46A001EB2F8 /* Icon-40.png in Resources */ = {isa = PBXBuildFile; fileRef = 50EF629217ECD46A001EB2F8 /* Icon-40.png */; };
		50EF629717ECD46A001EB2F8 /* Icon-58.png in Resources */ = {isa = PBXBuildFile; fileRef = 50EF629317ECD46A001EB2F8 /* Icon-58.png */; };
		50EF629817ECD46A001EB2F8 /* Icon-80.png in Resources */ = {isa = PBXBuildFile; fileRef = 50EF629417ECD46A001EB2F8 /* Icon-80.png */; };
		50EF629917ECD46A001EB2F8 /* Icon-100.png in Resources */ = {isa = PBXBuildFile; fileRef = 50EF629517ECD46A001EB2F8 /* Icon-100.png */; };
		50EF62A217ECD613001EB2F8 /* Icon-29.png in Resources */ = {isa = PBXBuildFile; fileRef = 50EF62A017ECD613001EB2F8 /* Icon-29.png */; };
		50EF62A317ECD613001EB2F8 /* Icon-50.png in Resources */ = {isa = PBXBuildFile; fileRef = 50EF62A117ECD613001EB2F8 /* Icon-50.png */; };
		521A8E6419F0C34300D177D7 /* Default-667h@2x.png in Resources */ = {isa = PBXBuildFile; fileRef = 521A8E6219F0C34300D177D7 /* Default-667h@2x.png */; };
		521A8EA919F11F5000D177D7 /* fonts in Resources */ = {isa = PBXBuildFile; fileRef = 521A8EA819F11F5000D177D7 /* fonts */; };
		521A8EAA19F11F5000D177D7 /* fonts in Resources */ = {isa = PBXBuildFile; fileRef = 521A8EA819F11F5000D177D7 /* fonts */; };
		52B47A471A53D09C004E4C60 /* Security.framework in Frameworks */ = {isa = PBXBuildFile; fileRef = 52B47A461A53D09B004E4C60 /* Security.framework */; };
		8262943E1AAF051F00CB7CF7 /* Security.framework in Frameworks */ = {isa = PBXBuildFile; fileRef = 8262943D1AAF051F00CB7CF7 /* Security.framework */; };
		BF171245129291EC00B8313A /* OpenGLES.framework in Frameworks */ = {isa = PBXBuildFile; fileRef = BF170DB012928DE900B8313A /* OpenGLES.framework */; };
		BF1712471292920000B8313A /* libz.dylib in Frameworks */ = {isa = PBXBuildFile; fileRef = BF170DB412928DE900B8313A /* libz.dylib */; };
		BF1C47F01293687400B63C5D /* QuartzCore.framework in Frameworks */ = {isa = PBXBuildFile; fileRef = BF1C47EA1293683800B63C5D /* QuartzCore.framework */; };
		D44C620C132DFF330009C878 /* OpenAL.framework in Frameworks */ = {isa = PBXBuildFile; fileRef = D44C620B132DFF330009C878 /* OpenAL.framework */; };
		D44C620E132DFF430009C878 /* AVFoundation.framework in Frameworks */ = {isa = PBXBuildFile; fileRef = D44C620D132DFF430009C878 /* AVFoundation.framework */; };
		D44C6210132DFF4E0009C878 /* AudioToolbox.framework in Frameworks */ = {isa = PBXBuildFile; fileRef = D44C620F132DFF4E0009C878 /* AudioToolbox.framework */; };
		D6B0611B1803AB670077942B /* CoreMotion.framework in Frameworks */ = {isa = PBXBuildFile; fileRef = D6B0611A1803AB670077942B /* CoreMotion.framework */; };
		ED545A7C1B68A1F400C3958E /* libiconv.dylib in Frameworks */ = {isa = PBXBuildFile; fileRef = ED545A7B1B68A1F400C3958E /* libiconv.dylib */; };
		ED545A7E1B68A1FA00C3958E /* libiconv.dylib in Frameworks */ = {isa = PBXBuildFile; fileRef = ED545A7D1B68A1FA00C3958E /* libiconv.dylib */; };
		F30C11621D1A76AA0042D6FF /* DuelScene.cpp in Sources */ = {isa = PBXBuildFile; fileRef = F30C11611D1A76AA0042D6FF /* DuelScene.cpp */; };
		F30C11631D1A76AA0042D6FF /* DuelScene.cpp in Sources */ = {isa = PBXBuildFile; fileRef = F30C11611D1A76AA0042D6FF /* DuelScene.cpp */; };
		F33CBE111D3103320080A4F0 /* FShake.cpp in Sources */ = {isa = PBXBuildFile; fileRef = F33CBE0F1D3103320080A4F0 /* FShake.cpp */; };
		F33CBE121D3103320080A4F0 /* FShake.cpp in Sources */ = {isa = PBXBuildFile; fileRef = F33CBE0F1D3103320080A4F0 /* FShake.cpp */; };
		F350D9BA1D1D0631009154DE /* AlphabetGrid.cpp in Sources */ = {isa = PBXBuildFile; fileRef = F350D9B91D1D0631009154DE /* AlphabetGrid.cpp */; };
		F350D9BB1D1D0631009154DE /* AlphabetGrid.cpp in Sources */ = {isa = PBXBuildFile; fileRef = F350D9B91D1D0631009154DE /* AlphabetGrid.cpp */; };
		F350D9C11D1E56EF009154DE /* Alphabet.cpp in Sources */ = {isa = PBXBuildFile; fileRef = F350D9C01D1E56EF009154DE /* Alphabet.cpp */; };
		F350D9C21D1E56EF009154DE /* Alphabet.cpp in Sources */ = {isa = PBXBuildFile; fileRef = F350D9C01D1E56EF009154DE /* Alphabet.cpp */; };
		F350D9C61D223F6B009154DE /* hp_in.png in Resources */ = {isa = PBXBuildFile; fileRef = F350D9C41D223F6B009154DE /* hp_in.png */; };
		F350D9C71D223F6B009154DE /* hp_in.png in Resources */ = {isa = PBXBuildFile; fileRef = F350D9C41D223F6B009154DE /* hp_in.png */; };
		F350D9C81D223F6B009154DE /* hp_out.png in Resources */ = {isa = PBXBuildFile; fileRef = F350D9C51D223F6B009154DE /* hp_out.png */; };
		F350D9C91D223F6B009154DE /* hp_out.png in Resources */ = {isa = PBXBuildFile; fileRef = F350D9C51D223F6B009154DE /* hp_out.png */; };
		F35736631D2F770E00518BFC /* battle_ground in Resources */ = {isa = PBXBuildFile; fileRef = F35736611D2F770E00518BFC /* battle_ground */; };
		F35736641D2F770E00518BFC /* battle_ground in Resources */ = {isa = PBXBuildFile; fileRef = F35736611D2F770E00518BFC /* battle_ground */; };
		F35736651D2F770E00518BFC /* battle_ground.csb in Resources */ = {isa = PBXBuildFile; fileRef = F35736621D2F770E00518BFC /* battle_ground.csb */; };
		F35736661D2F770E00518BFC /* battle_ground.csb in Resources */ = {isa = PBXBuildFile; fileRef = F35736621D2F770E00518BFC /* battle_ground.csb */; };
		F3AE94061D22550200395B44 /* star.png in Resources */ = {isa = PBXBuildFile; fileRef = F3AE94051D22550200395B44 /* star.png */; };
		F3AE94071D22550200395B44 /* star.png in Resources */ = {isa = PBXBuildFile; fileRef = F3AE94051D22550200395B44 /* star.png */; };
		F3AE941B1D23CF0300395B44 /* baloo_bhai_0.png in Resources */ = {isa = PBXBuildFile; fileRef = F3AE940E1D23CF0300395B44 /* baloo_bhai_0.png */; };
		F3AE941C1D23CF0300395B44 /* baloo_bhai_0.png in Resources */ = {isa = PBXBuildFile; fileRef = F3AE940E1D23CF0300395B44 /* baloo_bhai_0.png */; };
		F3AE941D1D23CF0300395B44 /* baloo_bhai.fnt in Resources */ = {isa = PBXBuildFile; fileRef = F3AE940F1D23CF0300395B44 /* baloo_bhai.fnt */; };
		F3AE941E1D23CF0300395B44 /* baloo_bhai.fnt in Resources */ = {isa = PBXBuildFile; fileRef = F3AE940F1D23CF0300395B44 /* baloo_bhai.fnt */; };
		F3AE94271D23CF0300395B44 /* Layer.json in Resources */ = {isa = PBXBuildFile; fileRef = F3AE94141D23CF0300395B44 /* Layer.json */; };
		F3AE94281D23CF0300395B44 /* Layer.json in Resources */ = {isa = PBXBuildFile; fileRef = F3AE94141D23CF0300395B44 /* Layer.json */; };
		F3AE94291D23CF0300395B44 /* Layer1.csb in Resources */ = {isa = PBXBuildFile; fileRef = F3AE94151D23CF0300395B44 /* Layer1.csb */; };
		F3AE942B1D23CF0300395B44 /* Layer1.json in Resources */ = {isa = PBXBuildFile; fileRef = F3AE94161D23CF0300395B44 /* Layer1.json */; };
		F3AE942C1D23CF0300395B44 /* Layer1.json in Resources */ = {isa = PBXBuildFile; fileRef = F3AE94161D23CF0300395B44 /* Layer1.json */; };
		F3AE942D1D23CF0300395B44 /* MainScene.csb in Resources */ = {isa = PBXBuildFile; fileRef = F3AE94171D23CF0300395B44 /* MainScene.csb */; };
		F3AE942F1D23CF0300395B44 /* MainScene.json in Resources */ = {isa = PBXBuildFile; fileRef = F3AE94181D23CF0300395B44 /* MainScene.json */; };
		F3AE94301D23CF0300395B44 /* MainScene.json in Resources */ = {isa = PBXBuildFile; fileRef = F3AE94181D23CF0300395B44 /* MainScene.json */; };
		F3AE94361D2515F000395B44 /* Default-736h@3x.png in Resources */ = {isa = PBXBuildFile; fileRef = 521A8E6319F0C34300D177D7 /* Default-736h@3x.png */; };
		F3AE94371D2515F000395B44 /* HelloWorldScene.cpp in Sources */ = {isa = PBXBuildFile; fileRef = 46880B8619C43A87006E1F66 /* HelloWorldScene.cpp */; };
		F3AE943A1D2515F000395B44 /* main.cpp in Sources */ = {isa = PBXBuildFile; fileRef = 503AE10317EB98FF00D1A890 /* main.cpp */; };
		F3AE94421D281A2E00395B44 /* Alphamon.cpp in Sources */ = {isa = PBXBuildFile; fileRef = F3AE94411D281A2E00395B44 /* Alphamon.cpp */; };
		F3AE94431D281A2E00395B44 /* Alphamon.cpp in Sources */ = {isa = PBXBuildFile; fileRef = F3AE94411D281A2E00395B44 /* Alphamon.cpp */; };
		F3AE94501D28DD8700395B44 /* HPMeter.cpp in Sources */ = {isa = PBXBuildFile; fileRef = F3AE944E1D28DD8700395B44 /* HPMeter.cpp */; };
		F3AE94511D28DD8700395B44 /* HPMeter.cpp in Sources */ = {isa = PBXBuildFile; fileRef = F3AE944E1D28DD8700395B44 /* HPMeter.cpp */; };
		F3AE94541D2A373E00395B44 /* baloo_bhai_plist.plist in Resources */ = {isa = PBXBuildFile; fileRef = F3AE94521D2A373E00395B44 /* baloo_bhai_plist.plist */; };
		F3AE94551D2A373E00395B44 /* baloo_bhai_plist.plist in Resources */ = {isa = PBXBuildFile; fileRef = F3AE94521D2A373E00395B44 /* baloo_bhai_plist.plist */; };
		F3AE94561D2A373E00395B44 /* baloo_bhai_plist.png in Resources */ = {isa = PBXBuildFile; fileRef = F3AE94531D2A373E00395B44 /* baloo_bhai_plist.png */; };
		F3AE94571D2A373E00395B44 /* baloo_bhai_plist.png in Resources */ = {isa = PBXBuildFile; fileRef = F3AE94531D2A373E00395B44 /* baloo_bhai_plist.png */; };
		F3AE94621D2CDFF800395B44 /* CharGenerator.cpp in Sources */ = {isa = PBXBuildFile; fileRef = F3AE94611D2CDFF800395B44 /* CharGenerator.cpp */; };
		F3AE94631D2CDFF800395B44 /* CharGenerator.cpp in Sources */ = {isa = PBXBuildFile; fileRef = F3AE94611D2CDFF800395B44 /* CharGenerator.cpp */; };
		F3AE946C1D2D4A3C00395B44 /* english in Resources */ = {isa = PBXBuildFile; fileRef = F3AE94651D2D4A3C00395B44 /* english */; };
		F3AE946D1D2D4A3C00395B44 /* english in Resources */ = {isa = PBXBuildFile; fileRef = F3AE94651D2D4A3C00395B44 /* english */; };
		F3AE946E1D2D4A3C00395B44 /* eye in Resources */ = {isa = PBXBuildFile; fileRef = F3AE94661D2D4A3C00395B44 /* eye */; };
		F3AE946F1D2D4A3C00395B44 /* eye in Resources */ = {isa = PBXBuildFile; fileRef = F3AE94661D2D4A3C00395B44 /* eye */; };
		F3AE94701D2D4A3C00395B44 /* eye_ani in Resources */ = {isa = PBXBuildFile; fileRef = F3AE94671D2D4A3C00395B44 /* eye_ani */; };
		F3AE94711D2D4A3C00395B44 /* eye_ani in Resources */ = {isa = PBXBuildFile; fileRef = F3AE94671D2D4A3C00395B44 /* eye_ani */; };
		F3AE94721D2D4A3C00395B44 /* horns in Resources */ = {isa = PBXBuildFile; fileRef = F3AE94681D2D4A3C00395B44 /* horns */; };
		F3AE94731D2D4A3C00395B44 /* horns in Resources */ = {isa = PBXBuildFile; fileRef = F3AE94681D2D4A3C00395B44 /* horns */; };
		F3AE94741D2D4A3C00395B44 /* mouth in Resources */ = {isa = PBXBuildFile; fileRef = F3AE94691D2D4A3C00395B44 /* mouth */; };
		F3AE94751D2D4A3C00395B44 /* mouth in Resources */ = {isa = PBXBuildFile; fileRef = F3AE94691D2D4A3C00395B44 /* mouth */; };
		F3AE94761D2D4A3C00395B44 /* mouth_ani in Resources */ = {isa = PBXBuildFile; fileRef = F3AE946A1D2D4A3C00395B44 /* mouth_ani */; };
		F3AE94771D2D4A3C00395B44 /* mouth_ani in Resources */ = {isa = PBXBuildFile; fileRef = F3AE946A1D2D4A3C00395B44 /* mouth_ani */; };
		F3AE94781D2D4A3C00395B44 /* nose in Resources */ = {isa = PBXBuildFile; fileRef = F3AE946B1D2D4A3C00395B44 /* nose */; };
		F3AE94791D2D4A3C00395B44 /* nose in Resources */ = {isa = PBXBuildFile; fileRef = F3AE946B1D2D4A3C00395B44 /* nose */; };
		F3C684291D3206C30000F1CD /* SelectAlphamonScene.cpp in Sources */ = {isa = PBXBuildFile; fileRef = F3C684281D3206C30000F1CD /* SelectAlphamonScene.cpp */; };
		F3C6842A1D3206C30000F1CD /* SelectAlphamonScene.cpp in Sources */ = {isa = PBXBuildFile; fileRef = F3C684281D3206C30000F1CD /* SelectAlphamonScene.cpp */; };
		F3C684521D34B4C90000F1CD /* camp in Resources */ = {isa = PBXBuildFile; fileRef = F3C684511D34B4C90000F1CD /* camp */; };
		F3C684531D34B4C90000F1CD /* camp in Resources */ = {isa = PBXBuildFile; fileRef = F3C684511D34B4C90000F1CD /* camp */; };
		F3C684591D34B6730000F1CD /* AppDelegate.cpp in Sources */ = {isa = PBXBuildFile; fileRef = F3C684541D34B6730000F1CD /* AppDelegate.cpp */; };
		F3C6845A1D34B6730000F1CD /* AppDelegate.cpp in Sources */ = {isa = PBXBuildFile; fileRef = F3C684541D34B6730000F1CD /* AppDelegate.cpp */; };
		F3C6845B1D34B6730000F1CD /* ExternalSkeletonCharacter.cpp in Sources */ = {isa = PBXBuildFile; fileRef = F3C684551D34B6730000F1CD /* ExternalSkeletonCharacter.cpp */; };
		F3C6845C1D34B6730000F1CD /* ExternalSkeletonCharacter.cpp in Sources */ = {isa = PBXBuildFile; fileRef = F3C684551D34B6730000F1CD /* ExternalSkeletonCharacter.cpp */; };
		F3C6845D1D34B6730000F1CD /* FallingState.cpp in Sources */ = {isa = PBXBuildFile; fileRef = F3C684571D34B6730000F1CD /* FallingState.cpp */; };
		F3C6845E1D34B6730000F1CD /* FallingState.cpp in Sources */ = {isa = PBXBuildFile; fileRef = F3C684571D34B6730000F1CD /* FallingState.cpp */; };
		F3C6845F1D34B8320000F1CD /* SpeechBubbleView.cpp in Sources */ = {isa = PBXBuildFile; fileRef = 3725F4D71D32585B0000B851 /* SpeechBubbleView.cpp */; };
		F3C684601D34B8750000F1CD /* JumpingState.cpp in Sources */ = {isa = PBXBuildFile; fileRef = 3796053F1D33974900B9E06D /* JumpingState.cpp */; };
		F3C684611D34B88B0000F1CD /* MessageSender.cpp in Sources */ = {isa = PBXBuildFile; fileRef = 371342A31D314D9A0091F1E4 /* MessageSender.cpp */; };
		F3C684621D34B8970000F1CD /* sqlite3.c in Sources */ = {isa = PBXBuildFile; fileRef = 3734F7AD1D2CFD39009DC72F /* sqlite3.c */; };
		F3C684631D34B89C0000F1CD /* Sqlite3Helper.cpp in Sources */ = {isa = PBXBuildFile; fileRef = 375C88961D30B5E400D92786 /* Sqlite3Helper.cpp */; };
		F3C684641D34B89F0000F1CD /* StandingState.cpp in Sources */ = {isa = PBXBuildFile; fileRef = 379605421D33A7F400B9E06D /* StandingState.cpp */; };
		F3C684651D34B8A20000F1CD /* State.cpp in Sources */ = {isa = PBXBuildFile; fileRef = 379605351D33916E00B9E06D /* State.cpp */; };
		F3C684661D34B8A80000F1CD /* WalkingState.cpp in Sources */ = {isa = PBXBuildFile; fileRef = 3796053C1D3396AD00B9E06D /* WalkingState.cpp */; };
		F3FFBF951D193319007FAF05 /* PhysicsShapeCache.cpp in Sources */ = {isa = PBXBuildFile; fileRef = F3FFBF931D193319007FAF05 /* PhysicsShapeCache.cpp */; };
		F3FFBF961D193319007FAF05 /* PhysicsShapeCache.cpp in Sources */ = {isa = PBXBuildFile; fileRef = F3FFBF931D193319007FAF05 /* PhysicsShapeCache.cpp */; };
/* End PBXBuildFile section */

/* Begin PBXContainerItemProxy section */
		1AC6FAF8180E9839004C840B /* PBXContainerItemProxy */ = {
			isa = PBXContainerItemProxy;
			containerPortal = 1AC6FAE5180E9839004C840B /* cocos2d_libs.xcodeproj */;
			proxyType = 2;
			remoteGlobalIDString = 1551A33F158F2AB200E66CFE;
			remoteInfo = "cocos2dx Mac";
		};
		1AC6FB06180E9839004C840B /* PBXContainerItemProxy */ = {
			isa = PBXContainerItemProxy;
			containerPortal = 1AC6FAE5180E9839004C840B /* cocos2d_libs.xcodeproj */;
			proxyType = 2;
			remoteGlobalIDString = A07A4D641783777C0073F6A7;
			remoteInfo = "cocos2dx iOS";
		};
		1AC6FB15180E9959004C840B /* PBXContainerItemProxy */ = {
			isa = PBXContainerItemProxy;
			containerPortal = 1AC6FAE5180E9839004C840B /* cocos2d_libs.xcodeproj */;
			proxyType = 1;
			remoteGlobalIDString = 1551A33E158F2AB200E66CFE;
			remoteInfo = "cocos2dx Mac";
		};
		1AC6FB24180E99E1004C840B /* PBXContainerItemProxy */ = {
			isa = PBXContainerItemProxy;
			containerPortal = 1AC6FAE5180E9839004C840B /* cocos2d_libs.xcodeproj */;
			proxyType = 1;
			remoteGlobalIDString = A07A4C241783777C0073F6A7;
			remoteInfo = "cocos2dx iOS";
		};
		F3FFBF981D193319007FAF05 /* PBXContainerItemProxy */ = {
			isa = PBXContainerItemProxy;
			containerPortal = 1AC6FAE5180E9839004C840B /* cocos2d_libs.xcodeproj */;
			proxyType = 2;
			remoteGlobalIDString = 507B40FD1C31BDD30067B53E;
			remoteInfo = "libcocos2d tvOS";
		};
/* End PBXContainerItemProxy section */

/* Begin PBXFileReference section */
		1AC6FAE5180E9839004C840B /* cocos2d_libs.xcodeproj */ = {isa = PBXFileReference; lastKnownFileType = "wrapper.pb-project"; name = cocos2d_libs.xcodeproj; path = ../cocos2d/build/cocos2d_libs.xcodeproj; sourceTree = "<group>"; };
		1ACB3243164770DE00914215 /* libcurl.a */ = {isa = PBXFileReference; lastKnownFileType = archive.ar; name = libcurl.a; path = ../../cocos2dx/platform/third_party/ios/libraries/libcurl.a; sourceTree = "<group>"; };
		1D30AB110D05D00D00671497 /* Foundation.framework */ = {isa = PBXFileReference; lastKnownFileType = wrapper.framework; name = Foundation.framework; path = System/Library/Frameworks/Foundation.framework; sourceTree = SDKROOT; };
		1D6058910D05DD3D006BFB54 /* rpg-mobile.app */ = {isa = PBXFileReference; explicitFileType = wrapper.application; includeInIndex = 0; path = "rpg-mobile.app"; sourceTree = BUILT_PRODUCTS_DIR; };
		1DF5F4DF0D08C38300B7A737 /* UIKit.framework */ = {isa = PBXFileReference; lastKnownFileType = wrapper.framework; name = UIKit.framework; path = System/Library/Frameworks/UIKit.framework; sourceTree = SDKROOT; };
		288765A40DF7441C002DB57D /* CoreGraphics.framework */ = {isa = PBXFileReference; lastKnownFileType = wrapper.framework; name = CoreGraphics.framework; path = System/Library/Frameworks/CoreGraphics.framework; sourceTree = SDKROOT; };
		370839D21D28CC5C009A20EB /* human_skeleton1.csb */ = {isa = PBXFileReference; lastKnownFileType = file; path = human_skeleton1.csb; sourceTree = "<group>"; };
		370839D31D28CC5C009A20EB /* Plist.plist */ = {isa = PBXFileReference; fileEncoding = 4; lastKnownFileType = text.plist.xml; path = Plist.plist; sourceTree = "<group>"; };
		370839D41D28CC5C009A20EB /* Plist.png */ = {isa = PBXFileReference; lastKnownFileType = image.png; path = Plist.png; sourceTree = "<group>"; };
		371342A31D314D9A0091F1E4 /* MessageSender.cpp */ = {isa = PBXFileReference; fileEncoding = 4; lastKnownFileType = sourcecode.cpp.cpp; path = MessageSender.cpp; sourceTree = "<group>"; };
		371342A41D314D9A0091F1E4 /* MessageSender.hpp */ = {isa = PBXFileReference; fileEncoding = 4; lastKnownFileType = sourcecode.cpp.h; path = MessageSender.hpp; sourceTree = "<group>"; };
		371342A81D314DA70091F1E4 /* MessageReceiver.cpp */ = {isa = PBXFileReference; fileEncoding = 4; lastKnownFileType = sourcecode.cpp.cpp; path = MessageReceiver.cpp; sourceTree = "<group>"; };
		371342A91D314DA70091F1E4 /* MessageReceiver.hpp */ = {isa = PBXFileReference; fileEncoding = 4; lastKnownFileType = sourcecode.cpp.h; path = MessageReceiver.hpp; sourceTree = "<group>"; };
		3725F4D11D31EBEB0000B851 /* MessageContent.cpp */ = {isa = PBXFileReference; fileEncoding = 4; lastKnownFileType = sourcecode.cpp.cpp; path = MessageContent.cpp; sourceTree = "<group>"; };
		3725F4D21D31EBEB0000B851 /* MessageContent.hpp */ = {isa = PBXFileReference; fileEncoding = 4; lastKnownFileType = sourcecode.cpp.h; path = MessageContent.hpp; sourceTree = "<group>"; };
		3725F4D71D32585B0000B851 /* SpeechBubbleView.cpp */ = {isa = PBXFileReference; fileEncoding = 4; lastKnownFileType = sourcecode.cpp.cpp; path = SpeechBubbleView.cpp; sourceTree = "<group>"; };
		3725F4D81D32585B0000B851 /* SpeechBubbleView.hpp */ = {isa = PBXFileReference; fileEncoding = 4; lastKnownFileType = sourcecode.cpp.h; path = SpeechBubbleView.hpp; sourceTree = "<group>"; };
		3734F7AD1D2CFD39009DC72F /* sqlite3.c */ = {isa = PBXFileReference; fileEncoding = 4; lastKnownFileType = sourcecode.c.c; path = sqlite3.c; sourceTree = "<group>"; };
		3734F7AE1D2CFD39009DC72F /* sqlite3.h */ = {isa = PBXFileReference; fileEncoding = 4; lastKnownFileType = sourcecode.c.h; path = sqlite3.h; sourceTree = "<group>"; };
		3750CC581D2943E6003CCCAC /* background */ = {isa = PBXFileReference; lastKnownFileType = folder; path = background; sourceTree = "<group>"; };
		3750CC591D2943E6003CCCAC /* background.csb */ = {isa = PBXFileReference; lastKnownFileType = file; path = background.csb; sourceTree = "<group>"; };
		3750CC5B1D2943E6003CCCAC /* foreground */ = {isa = PBXFileReference; lastKnownFileType = folder; path = foreground; sourceTree = "<group>"; };
		3750CC5C1D2943E6003CCCAC /* foreground.csb */ = {isa = PBXFileReference; lastKnownFileType = file; path = foreground.csb; sourceTree = "<group>"; };
		3750CC5D1D2943E6003CCCAC /* main */ = {isa = PBXFileReference; lastKnownFileType = folder; path = main; sourceTree = "<group>"; };
		3750CC5E1D2943E6003CCCAC /* main.csb */ = {isa = PBXFileReference; lastKnownFileType = file; path = main.csb; sourceTree = "<group>"; };
		3750CC5F1D2943E6003CCCAC /* MainScene.csb */ = {isa = PBXFileReference; lastKnownFileType = file; path = MainScene.csb; sourceTree = "<group>"; };
		375C88961D30B5E400D92786 /* Sqlite3Helper.cpp */ = {isa = PBXFileReference; fileEncoding = 4; lastKnownFileType = sourcecode.cpp.cpp; path = Sqlite3Helper.cpp; sourceTree = "<group>"; };
		375C88971D30B5E400D92786 /* Sqlite3Helper.hpp */ = {isa = PBXFileReference; fileEncoding = 4; lastKnownFileType = sourcecode.cpp.h; path = Sqlite3Helper.hpp; sourceTree = "<group>"; };
		379605351D33916E00B9E06D /* State.cpp */ = {isa = PBXFileReference; fileEncoding = 4; lastKnownFileType = sourcecode.cpp.cpp; path = State.cpp; sourceTree = "<group>"; };
		3796053C1D3396AD00B9E06D /* WalkingState.cpp */ = {isa = PBXFileReference; fileEncoding = 4; lastKnownFileType = sourcecode.cpp.cpp; path = WalkingState.cpp; sourceTree = "<group>"; };
		3796053F1D33974900B9E06D /* JumpingState.cpp */ = {isa = PBXFileReference; fileEncoding = 4; lastKnownFileType = sourcecode.cpp.cpp; path = JumpingState.cpp; sourceTree = "<group>"; };
		379605421D33A7F400B9E06D /* StandingState.cpp */ = {isa = PBXFileReference; fileEncoding = 4; lastKnownFileType = sourcecode.cpp.cpp; path = StandingState.cpp; sourceTree = "<group>"; };
		37D1170C1D24D3F30064565A /* StateMachine.h */ = {isa = PBXFileReference; fileEncoding = 4; lastKnownFileType = sourcecode.c.h; path = StateMachine.h; sourceTree = "<group>"; };
		37D1170D1D24D3F30064565A /* StateMachine.cpp */ = {isa = PBXFileReference; fileEncoding = 4; lastKnownFileType = sourcecode.cpp.cpp; path = StateMachine.cpp; sourceTree = "<group>"; };
		37D1170E1D24D3F30064565A /* State.h */ = {isa = PBXFileReference; fileEncoding = 4; lastKnownFileType = sourcecode.c.h; path = State.h; sourceTree = "<group>"; };
		37D1170F1D24D3F30064565A /* StandingState.h */ = {isa = PBXFileReference; fileEncoding = 4; lastKnownFileType = sourcecode.c.h; path = StandingState.h; sourceTree = "<group>"; };
		37D117101D24D3F30064565A /* FallingState.h */ = {isa = PBXFileReference; fileEncoding = 4; lastKnownFileType = sourcecode.c.h; path = FallingState.h; sourceTree = "<group>"; };
		37D117111D24D3F30064565A /* RunningState.h */ = {isa = PBXFileReference; fileEncoding = 4; lastKnownFileType = sourcecode.c.h; path = RunningState.h; sourceTree = "<group>"; };
		37D117121D24D3F30064565A /* JumpingState.h */ = {isa = PBXFileReference; fileEncoding = 4; lastKnownFileType = sourcecode.c.h; path = JumpingState.h; sourceTree = "<group>"; };
		37D117131D24D3F30064565A /* WalkingState.h */ = {isa = PBXFileReference; fileEncoding = 4; lastKnownFileType = sourcecode.c.h; path = WalkingState.h; sourceTree = "<group>"; };
		37D117171D24D4100064565A /* SkeletonCharacter.h */ = {isa = PBXFileReference; fileEncoding = 4; lastKnownFileType = sourcecode.c.h; path = SkeletonCharacter.h; sourceTree = "<group>"; };
		37D117181D24D4100064565A /* SkeletonCharacter.cpp */ = {isa = PBXFileReference; fileEncoding = 4; lastKnownFileType = sourcecode.cpp.cpp; path = SkeletonCharacter.cpp; sourceTree = "<group>"; };
		37D117191D24D4100064565A /* RPGConfig.h */ = {isa = PBXFileReference; fileEncoding = 4; lastKnownFileType = sourcecode.c.h; path = RPGConfig.h; sourceTree = "<group>"; };
		37D1171A1D24D4100064565A /* RPGConfig.cpp */ = {isa = PBXFileReference; fileEncoding = 4; lastKnownFileType = sourcecode.cpp.cpp; path = RPGConfig.cpp; sourceTree = "<group>"; };
		37D1171B1D24D4100064565A /* GestureLayer.cpp */ = {isa = PBXFileReference; fileEncoding = 4; lastKnownFileType = sourcecode.cpp.cpp; path = GestureLayer.cpp; sourceTree = "<group>"; };
		37D1171C1D24D4100064565A /* GestureLayer.hpp */ = {isa = PBXFileReference; fileEncoding = 4; lastKnownFileType = sourcecode.cpp.h; path = GestureLayer.hpp; sourceTree = "<group>"; };
		37D1172B1D24D47B0064565A /* hand_gear */ = {isa = PBXFileReference; lastKnownFileType = folder; path = hand_gear; sourceTree = "<group>"; };
		37D1172D1D24D47B0064565A /* human_spritesheet_01.plist */ = {isa = PBXFileReference; fileEncoding = 4; lastKnownFileType = text.plist.xml; path = human_spritesheet_01.plist; sourceTree = "<group>"; };
		37D1172E1D24D47B0064565A /* human_spritesheet_01.png */ = {isa = PBXFileReference; lastKnownFileType = image.png; path = human_spritesheet_01.png; sourceTree = "<group>"; };
		37D1172F1D24D47B0064565A /* human_spritesheet_02.plist */ = {isa = PBXFileReference; fileEncoding = 4; lastKnownFileType = text.plist.xml; path = human_spritesheet_02.plist; sourceTree = "<group>"; };
		37D117301D24D47B0064565A /* human_spritesheet_02.png */ = {isa = PBXFileReference; lastKnownFileType = image.png; path = human_spritesheet_02.png; sourceTree = "<group>"; };
		37D117311D24D47B0064565A /* human_spritesheet_03.plist */ = {isa = PBXFileReference; fileEncoding = 4; lastKnownFileType = text.plist.xml; path = human_spritesheet_03.plist; sourceTree = "<group>"; };
		37D117321D24D47B0064565A /* human_spritesheet_03.png */ = {isa = PBXFileReference; lastKnownFileType = image.png; path = human_spritesheet_03.png; sourceTree = "<group>"; };
		37D117331D24D47B0064565A /* human_spritesheet_04.plist */ = {isa = PBXFileReference; fileEncoding = 4; lastKnownFileType = text.plist.xml; path = human_spritesheet_04.plist; sourceTree = "<group>"; };
		37D117341D24D47B0064565A /* human_spritesheet_04.png */ = {isa = PBXFileReference; lastKnownFileType = image.png; path = human_spritesheet_04.png; sourceTree = "<group>"; };
		46880B7619C43A67006E1F66 /* CloseNormal.png */ = {isa = PBXFileReference; lastKnownFileType = image.png; path = CloseNormal.png; sourceTree = "<group>"; };
		46880B7719C43A67006E1F66 /* CloseSelected.png */ = {isa = PBXFileReference; lastKnownFileType = image.png; path = CloseSelected.png; sourceTree = "<group>"; };
		46880B7A19C43A67006E1F66 /* HelloWorld.png */ = {isa = PBXFileReference; lastKnownFileType = image.png; path = HelloWorld.png; sourceTree = "<group>"; };
		46880B8619C43A87006E1F66 /* HelloWorldScene.cpp */ = {isa = PBXFileReference; fileEncoding = 4; lastKnownFileType = sourcecode.cpp.cpp; path = HelloWorldScene.cpp; sourceTree = "<group>"; };
		46880B8719C43A87006E1F66 /* HelloWorldScene.h */ = {isa = PBXFileReference; fileEncoding = 4; lastKnownFileType = sourcecode.c.h; path = HelloWorldScene.h; sourceTree = "<group>"; };
		503AE0F617EB97AB00D1A890 /* Icon.icns */ = {isa = PBXFileReference; lastKnownFileType = image.icns; path = Icon.icns; sourceTree = "<group>"; };
		503AE0F717EB97AB00D1A890 /* Info.plist */ = {isa = PBXFileReference; fileEncoding = 4; lastKnownFileType = text.plist.xml; path = Info.plist; sourceTree = "<group>"; };
		503AE0FA17EB989F00D1A890 /* AppController.h */ = {isa = PBXFileReference; fileEncoding = 4; lastKnownFileType = sourcecode.c.h; name = AppController.h; path = ios/AppController.h; sourceTree = SOURCE_ROOT; };
		503AE0FB17EB989F00D1A890 /* AppController.mm */ = {isa = PBXFileReference; fileEncoding = 4; lastKnownFileType = sourcecode.cpp.objcpp; name = AppController.mm; path = ios/AppController.mm; sourceTree = SOURCE_ROOT; };
		503AE0FC17EB989F00D1A890 /* main.m */ = {isa = PBXFileReference; fileEncoding = 4; lastKnownFileType = sourcecode.c.objc; name = main.m; path = ios/main.m; sourceTree = SOURCE_ROOT; };
		503AE0FD17EB989F00D1A890 /* Prefix.pch */ = {isa = PBXFileReference; fileEncoding = 4; lastKnownFileType = sourcecode.c.h; name = Prefix.pch; path = ios/Prefix.pch; sourceTree = SOURCE_ROOT; };
		503AE0FE17EB989F00D1A890 /* RootViewController.h */ = {isa = PBXFileReference; fileEncoding = 4; lastKnownFileType = sourcecode.c.h; name = RootViewController.h; path = ios/RootViewController.h; sourceTree = SOURCE_ROOT; };
		503AE0FF17EB989F00D1A890 /* RootViewController.mm */ = {isa = PBXFileReference; fileEncoding = 4; lastKnownFileType = sourcecode.cpp.objcpp; name = RootViewController.mm; path = ios/RootViewController.mm; sourceTree = SOURCE_ROOT; };
		503AE10317EB98FF00D1A890 /* main.cpp */ = {isa = PBXFileReference; fileEncoding = 4; lastKnownFileType = sourcecode.cpp.cpp; name = main.cpp; path = mac/main.cpp; sourceTree = "<group>"; };
		503AE10417EB98FF00D1A890 /* Prefix.pch */ = {isa = PBXFileReference; fileEncoding = 4; lastKnownFileType = sourcecode.c.h; name = Prefix.pch; path = mac/Prefix.pch; sourceTree = "<group>"; };
		503AE11117EB99EE00D1A890 /* libcurl.dylib */ = {isa = PBXFileReference; lastKnownFileType = "compiled.mach-o.dylib"; name = libcurl.dylib; path = usr/lib/libcurl.dylib; sourceTree = SDKROOT; };
		503AE11A17EB9C5A00D1A890 /* IOKit.framework */ = {isa = PBXFileReference; lastKnownFileType = wrapper.framework; name = IOKit.framework; path = System/Library/Frameworks/IOKit.framework; sourceTree = SDKROOT; };
		5087E76F17EB910900C73F5D /* rpg-desktop.app */ = {isa = PBXFileReference; explicitFileType = wrapper.application; includeInIndex = 0; path = "rpg-desktop.app"; sourceTree = BUILT_PRODUCTS_DIR; };
		5087E77217EB970100C73F5D /* Default-568h@2x.png */ = {isa = PBXFileReference; lastKnownFileType = image.png; path = "Default-568h@2x.png"; sourceTree = "<group>"; };
		5087E77317EB970100C73F5D /* Default.png */ = {isa = PBXFileReference; lastKnownFileType = image.png; path = Default.png; sourceTree = "<group>"; };
		5087E77417EB970100C73F5D /* Default@2x.png */ = {isa = PBXFileReference; lastKnownFileType = image.png; path = "Default@2x.png"; sourceTree = "<group>"; };
		5087E77517EB970100C73F5D /* Icon-114.png */ = {isa = PBXFileReference; lastKnownFileType = image.png; path = "Icon-114.png"; sourceTree = "<group>"; };
		5087E77617EB970100C73F5D /* Icon-120.png */ = {isa = PBXFileReference; lastKnownFileType = image.png; path = "Icon-120.png"; sourceTree = "<group>"; };
		5087E77717EB970100C73F5D /* Icon-144.png */ = {isa = PBXFileReference; lastKnownFileType = image.png; path = "Icon-144.png"; sourceTree = "<group>"; };
		5087E77817EB970100C73F5D /* Icon-152.png */ = {isa = PBXFileReference; lastKnownFileType = image.png; path = "Icon-152.png"; sourceTree = "<group>"; };
		5087E77917EB970100C73F5D /* Icon-57.png */ = {isa = PBXFileReference; lastKnownFileType = image.png; path = "Icon-57.png"; sourceTree = "<group>"; };
		5087E77A17EB970100C73F5D /* Icon-72.png */ = {isa = PBXFileReference; lastKnownFileType = image.png; path = "Icon-72.png"; sourceTree = "<group>"; };
		5087E77B17EB970100C73F5D /* Icon-76.png */ = {isa = PBXFileReference; lastKnownFileType = image.png; path = "Icon-76.png"; sourceTree = "<group>"; };
		5087E77C17EB970100C73F5D /* Info.plist */ = {isa = PBXFileReference; fileEncoding = 4; lastKnownFileType = text.plist.xml; path = Info.plist; sourceTree = "<group>"; };
		5087E78817EB974C00C73F5D /* AppKit.framework */ = {isa = PBXFileReference; lastKnownFileType = wrapper.framework; name = AppKit.framework; path = System/Library/Frameworks/AppKit.framework; sourceTree = SDKROOT; };
		5087E78A17EB975400C73F5D /* OpenGL.framework */ = {isa = PBXFileReference; lastKnownFileType = wrapper.framework; name = OpenGL.framework; path = System/Library/Frameworks/OpenGL.framework; sourceTree = SDKROOT; };
		50EF629217ECD46A001EB2F8 /* Icon-40.png */ = {isa = PBXFileReference; lastKnownFileType = image.png; path = "Icon-40.png"; sourceTree = "<group>"; };
		50EF629317ECD46A001EB2F8 /* Icon-58.png */ = {isa = PBXFileReference; lastKnownFileType = image.png; path = "Icon-58.png"; sourceTree = "<group>"; };
		50EF629417ECD46A001EB2F8 /* Icon-80.png */ = {isa = PBXFileReference; lastKnownFileType = image.png; path = "Icon-80.png"; sourceTree = "<group>"; };
		50EF629517ECD46A001EB2F8 /* Icon-100.png */ = {isa = PBXFileReference; lastKnownFileType = image.png; path = "Icon-100.png"; sourceTree = "<group>"; };
		50EF62A017ECD613001EB2F8 /* Icon-29.png */ = {isa = PBXFileReference; lastKnownFileType = image.png; path = "Icon-29.png"; sourceTree = "<group>"; };
		50EF62A117ECD613001EB2F8 /* Icon-50.png */ = {isa = PBXFileReference; lastKnownFileType = image.png; path = "Icon-50.png"; sourceTree = "<group>"; };
		521A8E6219F0C34300D177D7 /* Default-667h@2x.png */ = {isa = PBXFileReference; lastKnownFileType = image.png; path = "Default-667h@2x.png"; sourceTree = "<group>"; };
		521A8E6319F0C34300D177D7 /* Default-736h@3x.png */ = {isa = PBXFileReference; lastKnownFileType = image.png; path = "Default-736h@3x.png"; sourceTree = "<group>"; };
		521A8EA819F11F5000D177D7 /* fonts */ = {isa = PBXFileReference; lastKnownFileType = folder; path = fonts; sourceTree = "<group>"; };
		52B47A461A53D09B004E4C60 /* Security.framework */ = {isa = PBXFileReference; lastKnownFileType = wrapper.framework; name = Security.framework; path = Platforms/iPhoneOS.platform/Developer/SDKs/iPhoneOS8.1.sdk/System/Library/Frameworks/Security.framework; sourceTree = DEVELOPER_DIR; };
		8262943D1AAF051F00CB7CF7 /* Security.framework */ = {isa = PBXFileReference; lastKnownFileType = wrapper.framework; name = Security.framework; path = System/Library/Frameworks/Security.framework; sourceTree = SDKROOT; };
		BF170DB012928DE900B8313A /* OpenGLES.framework */ = {isa = PBXFileReference; lastKnownFileType = wrapper.framework; name = OpenGLES.framework; path = System/Library/Frameworks/OpenGLES.framework; sourceTree = SDKROOT; };
		BF170DB412928DE900B8313A /* libz.dylib */ = {isa = PBXFileReference; lastKnownFileType = "compiled.mach-o.dylib"; name = libz.dylib; path = usr/lib/libz.dylib; sourceTree = SDKROOT; };
		BF1C47EA1293683800B63C5D /* QuartzCore.framework */ = {isa = PBXFileReference; lastKnownFileType = wrapper.framework; name = QuartzCore.framework; path = System/Library/Frameworks/QuartzCore.framework; sourceTree = SDKROOT; };
		D44C620B132DFF330009C878 /* OpenAL.framework */ = {isa = PBXFileReference; lastKnownFileType = wrapper.framework; name = OpenAL.framework; path = System/Library/Frameworks/OpenAL.framework; sourceTree = SDKROOT; };
		D44C620D132DFF430009C878 /* AVFoundation.framework */ = {isa = PBXFileReference; lastKnownFileType = wrapper.framework; name = AVFoundation.framework; path = System/Library/Frameworks/AVFoundation.framework; sourceTree = SDKROOT; };
		D44C620F132DFF4E0009C878 /* AudioToolbox.framework */ = {isa = PBXFileReference; lastKnownFileType = wrapper.framework; name = AudioToolbox.framework; path = System/Library/Frameworks/AudioToolbox.framework; sourceTree = SDKROOT; };
		D6B0611A1803AB670077942B /* CoreMotion.framework */ = {isa = PBXFileReference; lastKnownFileType = wrapper.framework; name = CoreMotion.framework; path = Platforms/iPhoneOS.platform/Developer/SDKs/iPhoneOS7.0.sdk/System/Library/Frameworks/CoreMotion.framework; sourceTree = DEVELOPER_DIR; };
		ED545A7B1B68A1F400C3958E /* libiconv.dylib */ = {isa = PBXFileReference; lastKnownFileType = "compiled.mach-o.dylib"; name = libiconv.dylib; path = Platforms/iPhoneOS.platform/Developer/SDKs/iPhoneOS8.4.sdk/usr/lib/libiconv.dylib; sourceTree = DEVELOPER_DIR; };
		ED545A7D1B68A1FA00C3958E /* libiconv.dylib */ = {isa = PBXFileReference; lastKnownFileType = "compiled.mach-o.dylib"; name = libiconv.dylib; path = usr/lib/libiconv.dylib; sourceTree = SDKROOT; };
		F30C11611D1A76AA0042D6FF /* DuelScene.cpp */ = {isa = PBXFileReference; fileEncoding = 4; lastKnownFileType = sourcecode.cpp.cpp; path = DuelScene.cpp; sourceTree = "<group>"; };
		F33CBE0F1D3103320080A4F0 /* FShake.cpp */ = {isa = PBXFileReference; fileEncoding = 4; lastKnownFileType = sourcecode.cpp.cpp; path = FShake.cpp; sourceTree = "<group>"; };
		F33CBE131D31034C0080A4F0 /* FShake.h */ = {isa = PBXFileReference; fileEncoding = 4; lastKnownFileType = sourcecode.c.h; path = FShake.h; sourceTree = "<group>"; };
		F350D9B81D1D0618009154DE /* AlphabetGrid.h */ = {isa = PBXFileReference; fileEncoding = 4; lastKnownFileType = sourcecode.c.h; path = AlphabetGrid.h; sourceTree = "<group>"; };
		F350D9B91D1D0631009154DE /* AlphabetGrid.cpp */ = {isa = PBXFileReference; fileEncoding = 4; lastKnownFileType = sourcecode.cpp.cpp; path = AlphabetGrid.cpp; sourceTree = "<group>"; };
		F350D9C01D1E56EF009154DE /* Alphabet.cpp */ = {isa = PBXFileReference; fileEncoding = 4; lastKnownFileType = sourcecode.cpp.cpp; path = Alphabet.cpp; sourceTree = "<group>"; };
		F350D9C31D1E56FC009154DE /* Alphabet.h */ = {isa = PBXFileReference; fileEncoding = 4; lastKnownFileType = sourcecode.c.h; path = Alphabet.h; sourceTree = "<group>"; };
		F350D9C41D223F6B009154DE /* hp_in.png */ = {isa = PBXFileReference; lastKnownFileType = image.png; path = hp_in.png; sourceTree = "<group>"; };
		F350D9C51D223F6B009154DE /* hp_out.png */ = {isa = PBXFileReference; lastKnownFileType = image.png; path = hp_out.png; sourceTree = "<group>"; };
		F35736611D2F770E00518BFC /* battle_ground */ = {isa = PBXFileReference; lastKnownFileType = folder; path = battle_ground; sourceTree = "<group>"; };
		F35736621D2F770E00518BFC /* battle_ground.csb */ = {isa = PBXFileReference; lastKnownFileType = file; path = battle_ground.csb; sourceTree = "<group>"; };
		F3AE94051D22550200395B44 /* star.png */ = {isa = PBXFileReference; lastKnownFileType = image.png; path = star.png; sourceTree = "<group>"; };
		F3AE940E1D23CF0300395B44 /* baloo_bhai_0.png */ = {isa = PBXFileReference; lastKnownFileType = image.png; path = baloo_bhai_0.png; sourceTree = "<group>"; };
		F3AE940F1D23CF0300395B44 /* baloo_bhai.fnt */ = {isa = PBXFileReference; fileEncoding = 4; lastKnownFileType = text; path = baloo_bhai.fnt; sourceTree = "<group>"; };
		F3AE94131D23CF0300395B44 /* Layer.csb */ = {isa = PBXFileReference; lastKnownFileType = file; path = Layer.csb; sourceTree = "<group>"; };
		F3AE94141D23CF0300395B44 /* Layer.json */ = {isa = PBXFileReference; fileEncoding = 4; lastKnownFileType = text.json; path = Layer.json; sourceTree = "<group>"; };
		F3AE94151D23CF0300395B44 /* Layer1.csb */ = {isa = PBXFileReference; lastKnownFileType = file; path = Layer1.csb; sourceTree = "<group>"; };
		F3AE94161D23CF0300395B44 /* Layer1.json */ = {isa = PBXFileReference; fileEncoding = 4; lastKnownFileType = text.json; path = Layer1.json; sourceTree = "<group>"; };
		F3AE94171D23CF0300395B44 /* MainScene.csb */ = {isa = PBXFileReference; lastKnownFileType = file; path = MainScene.csb; sourceTree = "<group>"; };
		F3AE94181D23CF0300395B44 /* MainScene.json */ = {isa = PBXFileReference; fileEncoding = 4; lastKnownFileType = text.json; path = MainScene.json; sourceTree = "<group>"; };
		F3AE94411D281A2E00395B44 /* Alphamon.cpp */ = {isa = PBXFileReference; fileEncoding = 4; lastKnownFileType = sourcecode.cpp.cpp; path = Alphamon.cpp; sourceTree = "<group>"; };
		F3AE94441D281A3B00395B44 /* Alphamon.h */ = {isa = PBXFileReference; fileEncoding = 4; lastKnownFileType = sourcecode.c.h; path = Alphamon.h; sourceTree = "<group>"; };
		F3AE944E1D28DD8700395B44 /* HPMeter.cpp */ = {isa = PBXFileReference; fileEncoding = 4; lastKnownFileType = sourcecode.cpp.cpp; path = HPMeter.cpp; sourceTree = "<group>"; };
		F3AE944F1D28DD8700395B44 /* HPMeter.h */ = {isa = PBXFileReference; fileEncoding = 4; lastKnownFileType = sourcecode.c.h; path = HPMeter.h; sourceTree = "<group>"; };
		F3AE94521D2A373E00395B44 /* baloo_bhai_plist.plist */ = {isa = PBXFileReference; fileEncoding = 4; lastKnownFileType = text.plist.xml; path = baloo_bhai_plist.plist; sourceTree = "<group>"; };
		F3AE94531D2A373E00395B44 /* baloo_bhai_plist.png */ = {isa = PBXFileReference; lastKnownFileType = image.png; path = baloo_bhai_plist.png; sourceTree = "<group>"; };
		F3AE94611D2CDFF800395B44 /* CharGenerator.cpp */ = {isa = PBXFileReference; fileEncoding = 4; lastKnownFileType = sourcecode.cpp.cpp; path = CharGenerator.cpp; sourceTree = "<group>"; };
		F3AE94641D2CE06500395B44 /* CharGenerator.h */ = {isa = PBXFileReference; fileEncoding = 4; lastKnownFileType = sourcecode.c.h; path = CharGenerator.h; sourceTree = "<group>"; };
		F3AE94651D2D4A3C00395B44 /* english */ = {isa = PBXFileReference; lastKnownFileType = folder; path = english; sourceTree = "<group>"; };
		F3AE94661D2D4A3C00395B44 /* eye */ = {isa = PBXFileReference; lastKnownFileType = folder; path = eye; sourceTree = "<group>"; };
		F3AE94671D2D4A3C00395B44 /* eye_ani */ = {isa = PBXFileReference; lastKnownFileType = folder; path = eye_ani; sourceTree = "<group>"; };
		F3AE94681D2D4A3C00395B44 /* horns */ = {isa = PBXFileReference; lastKnownFileType = folder; path = horns; sourceTree = "<group>"; };
		F3AE94691D2D4A3C00395B44 /* mouth */ = {isa = PBXFileReference; lastKnownFileType = folder; path = mouth; sourceTree = "<group>"; };
		F3AE946A1D2D4A3C00395B44 /* mouth_ani */ = {isa = PBXFileReference; lastKnownFileType = folder; path = mouth_ani; sourceTree = "<group>"; };
		F3AE946B1D2D4A3C00395B44 /* nose */ = {isa = PBXFileReference; lastKnownFileType = folder; path = nose; sourceTree = "<group>"; };
		F3C684281D3206C30000F1CD /* SelectAlphamonScene.cpp */ = {isa = PBXFileReference; fileEncoding = 4; lastKnownFileType = sourcecode.cpp.cpp; path = SelectAlphamonScene.cpp; sourceTree = "<group>"; };
		F3C6842B1D3206D20000F1CD /* SelectAlphamonScene.h */ = {isa = PBXFileReference; fileEncoding = 4; lastKnownFileType = sourcecode.c.h; path = SelectAlphamonScene.h; sourceTree = "<group>"; };
		F3C6844B1D348F320000F1CD /* DuelScene.h */ = {isa = PBXFileReference; fileEncoding = 4; lastKnownFileType = sourcecode.c.h; path = DuelScene.h; sourceTree = "<group>"; };
		F3C684511D34B4C90000F1CD /* camp */ = {isa = PBXFileReference; lastKnownFileType = folder; path = camp; sourceTree = "<group>"; };
		F3C684541D34B6730000F1CD /* AppDelegate.cpp */ = {isa = PBXFileReference; fileEncoding = 4; lastKnownFileType = sourcecode.cpp.cpp; path = AppDelegate.cpp; sourceTree = "<group>"; };
		F3C684551D34B6730000F1CD /* ExternalSkeletonCharacter.cpp */ = {isa = PBXFileReference; fileEncoding = 4; lastKnownFileType = sourcecode.cpp.cpp; path = ExternalSkeletonCharacter.cpp; sourceTree = "<group>"; };
		F3C684561D34B6730000F1CD /* ExternalSkeletonCharacter.h */ = {isa = PBXFileReference; fileEncoding = 4; lastKnownFileType = sourcecode.c.h; path = ExternalSkeletonCharacter.h; sourceTree = "<group>"; };
		F3C684571D34B6730000F1CD /* FallingState.cpp */ = {isa = PBXFileReference; fileEncoding = 4; lastKnownFileType = sourcecode.cpp.cpp; path = FallingState.cpp; sourceTree = "<group>"; };
		F3C684581D34B6730000F1CD /* AppDelegate.h */ = {isa = PBXFileReference; fileEncoding = 4; lastKnownFileType = sourcecode.c.h; path = AppDelegate.h; sourceTree = "<group>"; };
		F3FFBF931D193319007FAF05 /* PhysicsShapeCache.cpp */ = {isa = PBXFileReference; fileEncoding = 4; lastKnownFileType = sourcecode.cpp.cpp; path = PhysicsShapeCache.cpp; sourceTree = "<group>"; };
		F3FFBF941D193319007FAF05 /* PhysicsShapeCache.h */ = {isa = PBXFileReference; fileEncoding = 4; lastKnownFileType = sourcecode.c.h; path = PhysicsShapeCache.h; sourceTree = "<group>"; };
/* End PBXFileReference section */

/* Begin PBXFrameworksBuildPhase section */
		1D60588F0D05DD3D006BFB54 /* Frameworks */ = {
			isa = PBXFrameworksBuildPhase;
			buildActionMask = 2147483647;
			files = (
				ED545A7C1B68A1F400C3958E /* libiconv.dylib in Frameworks */,
				52B47A471A53D09C004E4C60 /* Security.framework in Frameworks */,
				1AC6FB30180E99EB004C840B /* libcocos2d iOS.a in Frameworks */,
				D6B0611B1803AB670077942B /* CoreMotion.framework in Frameworks */,
				1D60589F0D05DD5A006BFB54 /* Foundation.framework in Frameworks */,
				1DF5F4E00D08C38300B7A737 /* UIKit.framework in Frameworks */,
				288765A50DF7441C002DB57D /* CoreGraphics.framework in Frameworks */,
				BF171245129291EC00B8313A /* OpenGLES.framework in Frameworks */,
				BF1712471292920000B8313A /* libz.dylib in Frameworks */,
				BF1C47F01293687400B63C5D /* QuartzCore.framework in Frameworks */,
				D44C620C132DFF330009C878 /* OpenAL.framework in Frameworks */,
				D44C620E132DFF430009C878 /* AVFoundation.framework in Frameworks */,
				D44C6210132DFF4E0009C878 /* AudioToolbox.framework in Frameworks */,
			);
			runOnlyForDeploymentPostprocessing = 0;
		};
		5087E75C17EB910900C73F5D /* Frameworks */ = {
			isa = PBXFrameworksBuildPhase;
			buildActionMask = 2147483647;
			files = (
				ED545A7E1B68A1FA00C3958E /* libiconv.dylib in Frameworks */,
				1AC6FB21180E996B004C840B /* libcocos2d Mac.a in Frameworks */,
				5087E76717EB910900C73F5D /* libz.dylib in Frameworks */,
				8262943E1AAF051F00CB7CF7 /* Security.framework in Frameworks */,
				503AE11B17EB9C5A00D1A890 /* IOKit.framework in Frameworks */,
				5087E78B17EB975400C73F5D /* OpenGL.framework in Frameworks */,
				5087E78917EB974C00C73F5D /* AppKit.framework in Frameworks */,
				5087E76317EB910900C73F5D /* Foundation.framework in Frameworks */,
				5087E76817EB910900C73F5D /* QuartzCore.framework in Frameworks */,
				5087E76917EB910900C73F5D /* OpenAL.framework in Frameworks */,
				5087E76A17EB910900C73F5D /* AVFoundation.framework in Frameworks */,
				5087E76B17EB910900C73F5D /* AudioToolbox.framework in Frameworks */,
			);
			runOnlyForDeploymentPostprocessing = 0;
		};
/* End PBXFrameworksBuildPhase section */

/* Begin PBXGroup section */
		080E96DDFE201D6D7F000001 /* ios */ = {
			isa = PBXGroup;
			children = (
				5087E77117EB970100C73F5D /* Icons */,
				503AE0FA17EB989F00D1A890 /* AppController.h */,
				503AE0FB17EB989F00D1A890 /* AppController.mm */,
				503AE0FC17EB989F00D1A890 /* main.m */,
				503AE0FD17EB989F00D1A890 /* Prefix.pch */,
				503AE0FE17EB989F00D1A890 /* RootViewController.h */,
				503AE0FF17EB989F00D1A890 /* RootViewController.mm */,
			);
			name = ios;
			path = Classes;
			sourceTree = "<group>";
		};
		19C28FACFE9D520D11CA2CBB /* Products */ = {
			isa = PBXGroup;
			children = (
				1D6058910D05DD3D006BFB54 /* rpg-mobile.app */,
				5087E76F17EB910900C73F5D /* rpg-desktop.app */,
			);
			name = Products;
			sourceTree = "<group>";
		};
		1AC6FAE6180E9839004C840B /* Products */ = {
			isa = PBXGroup;
			children = (
				1AC6FAF9180E9839004C840B /* libcocos2d Mac.a */,
				1AC6FB07180E9839004C840B /* libcocos2d iOS.a */,
				F3FFBF991D193319007FAF05 /* libcocos2d tvOS.a */,
			);
			name = Products;
			sourceTree = "<group>";
		};
		29B97314FDCFA39411CA2CEA /* CustomTemplate */ = {
			isa = PBXGroup;
			children = (
				46880B8319C43A87006E1F66 /* Classes */,
				46880B7519C43A67006E1F66 /* Resources */,
				1AC6FAE5180E9839004C840B /* cocos2d_libs.xcodeproj */,
				29B97323FDCFA39411CA2CEA /* Frameworks */,
				080E96DDFE201D6D7F000001 /* ios */,
				503AE10617EB990700D1A890 /* mac */,
				19C28FACFE9D520D11CA2CBB /* Products */,
			);
			name = CustomTemplate;
			sourceTree = "<group>";
		};
		29B97323FDCFA39411CA2CEA /* Frameworks */ = {
			isa = PBXGroup;
			children = (
				ED545A7D1B68A1FA00C3958E /* libiconv.dylib */,
				ED545A7B1B68A1F400C3958E /* libiconv.dylib */,
				8262943D1AAF051F00CB7CF7 /* Security.framework */,
				52B47A461A53D09B004E4C60 /* Security.framework */,
				D6B0611A1803AB670077942B /* CoreMotion.framework */,
				503AE11A17EB9C5A00D1A890 /* IOKit.framework */,
				503AE11117EB99EE00D1A890 /* libcurl.dylib */,
				5087E78A17EB975400C73F5D /* OpenGL.framework */,
				5087E78817EB974C00C73F5D /* AppKit.framework */,
				1ACB3243164770DE00914215 /* libcurl.a */,
				BF170DB412928DE900B8313A /* libz.dylib */,
				D44C620F132DFF4E0009C878 /* AudioToolbox.framework */,
				D44C620D132DFF430009C878 /* AVFoundation.framework */,
				288765A40DF7441C002DB57D /* CoreGraphics.framework */,
				1D30AB110D05D00D00671497 /* Foundation.framework */,
				D44C620B132DFF330009C878 /* OpenAL.framework */,
				BF170DB012928DE900B8313A /* OpenGLES.framework */,
				BF1C47EA1293683800B63C5D /* QuartzCore.framework */,
				1DF5F4DF0D08C38300B7A737 /* UIKit.framework */,
			);
			name = Frameworks;
			sourceTree = "<group>";
		};
		46880B7519C43A67006E1F66 /* Resources */ = {
			isa = PBXGroup;
			children = (
				F3C684511D34B4C90000F1CD /* camp */,
				F35736611D2F770E00518BFC /* battle_ground */,
				F35736621D2F770E00518BFC /* battle_ground.csb */,
				F3AE94651D2D4A3C00395B44 /* english */,
				F3AE94661D2D4A3C00395B44 /* eye */,
				F3AE94671D2D4A3C00395B44 /* eye_ani */,
				F3AE94681D2D4A3C00395B44 /* horns */,
				F3AE94691D2D4A3C00395B44 /* mouth */,
				F3AE946A1D2D4A3C00395B44 /* mouth_ani */,
				F3AE946B1D2D4A3C00395B44 /* nose */,
				F3AE94521D2A373E00395B44 /* baloo_bhai_plist.plist */,
				F3AE94531D2A373E00395B44 /* baloo_bhai_plist.png */,
				F3AE940E1D23CF0300395B44 /* baloo_bhai_0.png */,
				F3AE940F1D23CF0300395B44 /* baloo_bhai.fnt */,
				F3AE94131D23CF0300395B44 /* Layer.csb */,
				F3AE94141D23CF0300395B44 /* Layer.json */,
				F3AE94151D23CF0300395B44 /* Layer1.csb */,
				F3AE94161D23CF0300395B44 /* Layer1.json */,
				F3AE94171D23CF0300395B44 /* MainScene.csb */,
				F3AE94181D23CF0300395B44 /* MainScene.json */,
				F3AE94051D22550200395B44 /* star.png */,
				F350D9C41D223F6B009154DE /* hp_in.png */,
				F350D9C51D223F6B009154DE /* hp_out.png */,
				46880B7619C43A67006E1F66 /* CloseNormal.png */,
				46880B7719C43A67006E1F66 /* CloseSelected.png */,
				521A8EA819F11F5000D177D7 /* fonts */,
				37D1172B1D24D47B0064565A /* hand_gear */,
				46880B7A19C43A67006E1F66 /* HelloWorld.png */,
				37D1172D1D24D47B0064565A /* human_spritesheet_01.plist */,
				37D1172E1D24D47B0064565A /* human_spritesheet_01.png */,
				37D1172F1D24D47B0064565A /* human_spritesheet_02.plist */,
				3750CC581D2943E6003CCCAC /* background */,
				3750CC591D2943E6003CCCAC /* background.csb */,
				3750CC5B1D2943E6003CCCAC /* foreground */,
				3750CC5C1D2943E6003CCCAC /* foreground.csb */,
				3750CC5D1D2943E6003CCCAC /* main */,
				3750CC5E1D2943E6003CCCAC /* main.csb */,
				3750CC5F1D2943E6003CCCAC /* MainScene.csb */,
				37D117301D24D47B0064565A /* human_spritesheet_02.png */,
				370839D21D28CC5C009A20EB /* human_skeleton1.csb */,
				370839D31D28CC5C009A20EB /* Plist.plist */,
				370839D41D28CC5C009A20EB /* Plist.png */,
				37D117311D24D47B0064565A /* human_spritesheet_03.plist */,
				37D117321D24D47B0064565A /* human_spritesheet_03.png */,
				37D117331D24D47B0064565A /* human_spritesheet_04.plist */,
				37D117341D24D47B0064565A /* human_spritesheet_04.png */,
			);
			name = Resources;
			path = ../Resources;
			sourceTree = "<group>";
		};
		46880B8319C43A87006E1F66 /* Classes */ = {
			isa = PBXGroup;
			children = (
				F3C684541D34B6730000F1CD /* AppDelegate.cpp */,
				F3C684551D34B6730000F1CD /* ExternalSkeletonCharacter.cpp */,
				F3C684561D34B6730000F1CD /* ExternalSkeletonCharacter.h */,
				F3C684571D34B6730000F1CD /* FallingState.cpp */,
				F3C684581D34B6730000F1CD /* AppDelegate.h */,
				F33CBE0E1D3103000080A4F0 /* effects */,
				F3AE94401D2819F800395B44 /* alphamon */,
				F350D9B61D1D059C009154DE /* puzzle */,
				37D117101D24D3F30064565A /* FallingState.h */,
				37D1171B1D24D4100064565A /* GestureLayer.cpp */,
				37D1171C1D24D4100064565A /* GestureLayer.hpp */,
				46880B8619C43A87006E1F66 /* HelloWorldScene.cpp */,
				46880B8719C43A87006E1F66 /* HelloWorldScene.h */,
				3796053F1D33974900B9E06D /* JumpingState.cpp */,
				37D117121D24D3F30064565A /* JumpingState.h */,
				3725F4D11D31EBEB0000B851 /* MessageContent.cpp */,
				3725F4D21D31EBEB0000B851 /* MessageContent.hpp */,
				371342A81D314DA70091F1E4 /* MessageReceiver.cpp */,
				371342A91D314DA70091F1E4 /* MessageReceiver.hpp */,
				371342A31D314D9A0091F1E4 /* MessageSender.cpp */,
				371342A41D314D9A0091F1E4 /* MessageSender.hpp */,
				F3FFBF931D193319007FAF05 /* PhysicsShapeCache.cpp */,
				F3FFBF941D193319007FAF05 /* PhysicsShapeCache.h */,
				37D1171A1D24D4100064565A /* RPGConfig.cpp */,
				37D117191D24D4100064565A /* RPGConfig.h */,
				37D117111D24D3F30064565A /* RunningState.h */,
				37D117181D24D4100064565A /* SkeletonCharacter.cpp */,
				37D117171D24D4100064565A /* SkeletonCharacter.h */,
				3725F4D71D32585B0000B851 /* SpeechBubbleView.cpp */,
				3725F4D81D32585B0000B851 /* SpeechBubbleView.hpp */,
				3734F7AD1D2CFD39009DC72F /* sqlite3.c */,
				3734F7AE1D2CFD39009DC72F /* sqlite3.h */,
				375C88961D30B5E400D92786 /* Sqlite3Helper.cpp */,
				375C88971D30B5E400D92786 /* Sqlite3Helper.hpp */,
				37D1170F1D24D3F30064565A /* StandingState.h */,
				379605421D33A7F400B9E06D /* StandingState.cpp */,
				379605351D33916E00B9E06D /* State.cpp */,
				37D1170E1D24D3F30064565A /* State.h */,
				37D1170D1D24D3F30064565A /* StateMachine.cpp */,
				37D1170C1D24D3F30064565A /* StateMachine.h */,
				3796053C1D3396AD00B9E06D /* WalkingState.cpp */,
				37D117131D24D3F30064565A /* WalkingState.h */,
			);
			name = Classes;
			path = ../Classes;
			sourceTree = "<group>";
		};
		503AE0F517EB97AB00D1A890 /* Icons */ = {
			isa = PBXGroup;
			children = (
				503AE0F617EB97AB00D1A890 /* Icon.icns */,
				503AE0F717EB97AB00D1A890 /* Info.plist */,
			);
			name = Icons;
			path = mac;
			sourceTree = SOURCE_ROOT;
		};
		503AE10617EB990700D1A890 /* mac */ = {
			isa = PBXGroup;
			children = (
				503AE0F517EB97AB00D1A890 /* Icons */,
				503AE10317EB98FF00D1A890 /* main.cpp */,
				503AE10417EB98FF00D1A890 /* Prefix.pch */,
			);
			name = mac;
			sourceTree = "<group>";
		};
		5087E77117EB970100C73F5D /* Icons */ = {
			isa = PBXGroup;
			children = (
				521A8E6219F0C34300D177D7 /* Default-667h@2x.png */,
				521A8E6319F0C34300D177D7 /* Default-736h@3x.png */,
				5087E77217EB970100C73F5D /* Default-568h@2x.png */,
				5087E77317EB970100C73F5D /* Default.png */,
				5087E77417EB970100C73F5D /* Default@2x.png */,
				50EF62A017ECD613001EB2F8 /* Icon-29.png */,
				50EF62A117ECD613001EB2F8 /* Icon-50.png */,
				50EF629217ECD46A001EB2F8 /* Icon-40.png */,
				50EF629317ECD46A001EB2F8 /* Icon-58.png */,
				50EF629417ECD46A001EB2F8 /* Icon-80.png */,
				50EF629517ECD46A001EB2F8 /* Icon-100.png */,
				5087E77517EB970100C73F5D /* Icon-114.png */,
				5087E77617EB970100C73F5D /* Icon-120.png */,
				5087E77717EB970100C73F5D /* Icon-144.png */,
				5087E77817EB970100C73F5D /* Icon-152.png */,
				5087E77917EB970100C73F5D /* Icon-57.png */,
				5087E77A17EB970100C73F5D /* Icon-72.png */,
				5087E77B17EB970100C73F5D /* Icon-76.png */,
				5087E77C17EB970100C73F5D /* Info.plist */,
			);
			name = Icons;
			path = ios;
			sourceTree = SOURCE_ROOT;
		};
		F33CBE0E1D3103000080A4F0 /* effects */ = {
			isa = PBXGroup;
			children = (
				F33CBE0F1D3103320080A4F0 /* FShake.cpp */,
				F33CBE131D31034C0080A4F0 /* FShake.h */,
			);
			path = effects;
			sourceTree = "<group>";
		};
		F350D9B61D1D059C009154DE /* puzzle */ = {
			isa = PBXGroup;
			children = (
				F350D9B81D1D0618009154DE /* AlphabetGrid.h */,
				F350D9B91D1D0631009154DE /* AlphabetGrid.cpp */,
				F350D9C01D1E56EF009154DE /* Alphabet.cpp */,
				F350D9C31D1E56FC009154DE /* Alphabet.h */,
				F3AE94611D2CDFF800395B44 /* CharGenerator.cpp */,
				F3AE94641D2CE06500395B44 /* CharGenerator.h */,
				F3C6844B1D348F320000F1CD /* DuelScene.h */,
				F30C11611D1A76AA0042D6FF /* DuelScene.cpp */,
			);
			path = puzzle;
			sourceTree = "<group>";
		};
		F3AE94401D2819F800395B44 /* alphamon */ = {
			isa = PBXGroup;
			children = (
				F3AE94411D281A2E00395B44 /* Alphamon.cpp */,
				F3AE94441D281A3B00395B44 /* Alphamon.h */,
				F3AE944E1D28DD8700395B44 /* HPMeter.cpp */,
				F3AE944F1D28DD8700395B44 /* HPMeter.h */,
				F3C684281D3206C30000F1CD /* SelectAlphamonScene.cpp */,
				F3C6842B1D3206D20000F1CD /* SelectAlphamonScene.h */,
			);
			path = alphamon;
			sourceTree = "<group>";
		};
/* End PBXGroup section */

/* Begin PBXNativeTarget section */
		1D6058900D05DD3D006BFB54 /* rpg-mobile */ = {
			isa = PBXNativeTarget;
			buildConfigurationList = 1D6058960D05DD3E006BFB54 /* Build configuration list for PBXNativeTarget "rpg-mobile" */;
			buildPhases = (
				1D60588D0D05DD3D006BFB54 /* Resources */,
				1D60588E0D05DD3D006BFB54 /* Sources */,
				1D60588F0D05DD3D006BFB54 /* Frameworks */,
			);
			buildRules = (
			);
			dependencies = (
				1AC6FB25180E99E1004C840B /* PBXTargetDependency */,
			);
			name = "rpg-mobile";
			productName = iphone;
			productReference = 1D6058910D05DD3D006BFB54 /* rpg-mobile.app */;
			productType = "com.apple.product-type.application";
		};
		5087E73D17EB910900C73F5D /* rpg-desktop */ = {
			isa = PBXNativeTarget;
			buildConfigurationList = 5087E76C17EB910900C73F5D /* Build configuration list for PBXNativeTarget "rpg-desktop" */;
			buildPhases = (
				5087E74817EB910900C73F5D /* Resources */,
				5087E75617EB910900C73F5D /* Sources */,
				5087E75C17EB910900C73F5D /* Frameworks */,
			);
			buildRules = (
			);
			dependencies = (
				1AC6FB16180E9959004C840B /* PBXTargetDependency */,
			);
			name = "rpg-desktop";
			productName = iphone;
			productReference = 5087E76F17EB910900C73F5D /* rpg-desktop.app */;
			productType = "com.apple.product-type.application";
		};
/* End PBXNativeTarget section */

/* Begin PBXProject section */
		29B97313FDCFA39411CA2CEA /* Project object */ = {
			isa = PBXProject;
			attributes = {
				LastUpgradeCheck = 0730;
			};
			buildConfigurationList = C01FCF4E08A954540054247B /* Build configuration list for PBXProject "rpg" */;
			compatibilityVersion = "Xcode 3.2";
			developmentRegion = English;
			hasScannedForEncodings = 1;
			knownRegions = (
				English,
				Japanese,
				French,
				German,
			);
			mainGroup = 29B97314FDCFA39411CA2CEA /* CustomTemplate */;
			projectDirPath = "";
			projectReferences = (
				{
					ProductGroup = 1AC6FAE6180E9839004C840B /* Products */;
					ProjectRef = 1AC6FAE5180E9839004C840B /* cocos2d_libs.xcodeproj */;
				},
			);
			projectRoot = "";
			targets = (
				1D6058900D05DD3D006BFB54 /* rpg-mobile */,
				5087E73D17EB910900C73F5D /* rpg-desktop */,
			);
		};
/* End PBXProject section */

/* Begin PBXReferenceProxy section */
		1AC6FAF9180E9839004C840B /* libcocos2d Mac.a */ = {
			isa = PBXReferenceProxy;
			fileType = archive.ar;
			path = "libcocos2d Mac.a";
			remoteRef = 1AC6FAF8180E9839004C840B /* PBXContainerItemProxy */;
			sourceTree = BUILT_PRODUCTS_DIR;
		};
		1AC6FB07180E9839004C840B /* libcocos2d iOS.a */ = {
			isa = PBXReferenceProxy;
			fileType = archive.ar;
			path = "libcocos2d iOS.a";
			remoteRef = 1AC6FB06180E9839004C840B /* PBXContainerItemProxy */;
			sourceTree = BUILT_PRODUCTS_DIR;
		};
		F3FFBF991D193319007FAF05 /* libcocos2d tvOS.a */ = {
			isa = PBXReferenceProxy;
			fileType = archive.ar;
			path = "libcocos2d tvOS.a";
			remoteRef = F3FFBF981D193319007FAF05 /* PBXContainerItemProxy */;
			sourceTree = BUILT_PRODUCTS_DIR;
		};
/* End PBXReferenceProxy section */

/* Begin PBXResourcesBuildPhase section */
		1D60588D0D05DD3D006BFB54 /* Resources */ = {
			isa = PBXResourcesBuildPhase;
			buildActionMask = 2147483647;
			files = (
				37D1174D1D24D47B0064565A /* human_spritesheet_02.png in Resources */,
				5087E78117EB970100C73F5D /* Icon-120.png in Resources */,
				370839D91D28CC5C009A20EB /* Plist.png in Resources */,
				5087E78617EB970100C73F5D /* Icon-76.png in Resources */,
				F3AE94761D2D4A3C00395B44 /* mouth_ani in Resources */,
				5087E77F17EB970100C73F5D /* Default@2x.png in Resources */,
				F35736651D2F770E00518BFC /* battle_ground.csb in Resources */,
				F350D9C81D223F6B009154DE /* hp_out.png in Resources */,
				37D117471D24D47B0064565A /* human_spritesheet_01.plist in Resources */,
				3750CC6C1D2943E6003CCCAC /* main.csb in Resources */,
				37D117491D24D47B0064565A /* human_spritesheet_01.png in Resources */,
				50EF629917ECD46A001EB2F8 /* Icon-100.png in Resources */,
				F3AE94271D23CF0300395B44 /* Layer.json in Resources */,
				5087E78317EB970100C73F5D /* Icon-152.png in Resources */,
				37D117531D24D47B0064565A /* human_spritesheet_04.plist in Resources */,
				46880B8119C43A67006E1F66 /* HelloWorld.png in Resources */,
				46880B7D19C43A67006E1F66 /* CloseSelected.png in Resources */,
				F3AE946C1D2D4A3C00395B44 /* english in Resources */,
				F35736631D2F770E00518BFC /* battle_ground in Resources */,
				F3AE942B1D23CF0300395B44 /* Layer1.json in Resources */,
				F3C684521D34B4C90000F1CD /* camp in Resources */,
				5087E77D17EB970100C73F5D /* Default-568h@2x.png in Resources */,
				F3AE94061D22550200395B44 /* star.png in Resources */,
				5087E78517EB970100C73F5D /* Icon-72.png in Resources */,
				F3AE94291D23CF0300395B44 /* Layer1.csb in Resources */,
				F3AE94361D2515F000395B44 /* Default-736h@3x.png in Resources */,
				F350D9C61D223F6B009154DE /* hp_in.png in Resources */,
				F3AE94781D2D4A3C00395B44 /* nose in Resources */,
				F3AE94561D2A373E00395B44 /* baloo_bhai_plist.png in Resources */,
				37D117431D24D47B0064565A /* hand_gear in Resources */,
				37D117511D24D47B0064565A /* human_spritesheet_03.png in Resources */,
				F3AE94541D2A373E00395B44 /* baloo_bhai_plist.plist in Resources */,
				F3AE94701D2D4A3C00395B44 /* eye_ani in Resources */,
				521A8EA919F11F5000D177D7 /* fonts in Resources */,
				3750CC681D2943E6003CCCAC /* foreground.csb in Resources */,
				50EF62A317ECD613001EB2F8 /* Icon-50.png in Resources */,
				F3AE942D1D23CF0300395B44 /* MainScene.csb in Resources */,
				37D1174B1D24D47B0064565A /* human_spritesheet_02.plist in Resources */,
				F3AE94721D2D4A3C00395B44 /* horns in Resources */,
				37D1174F1D24D47B0064565A /* human_spritesheet_03.plist in Resources */,
				5087E78017EB970100C73F5D /* Icon-114.png in Resources */,
				50EF62A217ECD613001EB2F8 /* Icon-29.png in Resources */,
				50EF629617ECD46A001EB2F8 /* Icon-40.png in Resources */,
				F3AE941D1D23CF0300395B44 /* baloo_bhai.fnt in Resources */,
				F3AE941B1D23CF0300395B44 /* baloo_bhai_0.png in Resources */,
				5087E78217EB970100C73F5D /* Icon-144.png in Resources */,
				37D117551D24D47B0064565A /* human_spritesheet_04.png in Resources */,
				F3AE946E1D2D4A3C00395B44 /* eye in Resources */,
				F3AE94741D2D4A3C00395B44 /* mouth in Resources */,
				50EF629817ECD46A001EB2F8 /* Icon-80.png in Resources */,
				5087E78417EB970100C73F5D /* Icon-57.png in Resources */,
				370839D71D28CC5C009A20EB /* Plist.plist in Resources */,
				5087E77E17EB970100C73F5D /* Default.png in Resources */,
				521A8E6419F0C34300D177D7 /* Default-667h@2x.png in Resources */,
				46880B7B19C43A67006E1F66 /* CloseNormal.png in Resources */,
				50EF629717ECD46A001EB2F8 /* Icon-58.png in Resources */,
				F3AE942F1D23CF0300395B44 /* MainScene.json in Resources */,
			);
			runOnlyForDeploymentPostprocessing = 0;
		};
		5087E74817EB910900C73F5D /* Resources */ = {
			isa = PBXResourcesBuildPhase;
			buildActionMask = 2147483647;
			files = (
				F3AE94571D2A373E00395B44 /* baloo_bhai_plist.png in Resources */,
				46880B8219C43A67006E1F66 /* HelloWorld.png in Resources */,
				370839DA1D28CC5C009A20EB /* Plist.png in Resources */,
				3750CC671D2943E6003CCCAC /* foreground in Resources */,
				37D117501D24D47B0064565A /* human_spritesheet_03.plist in Resources */,
				F3AE94731D2D4A3C00395B44 /* horns in Resources */,
				F3AE94551D2A373E00395B44 /* baloo_bhai_plist.plist in Resources */,
				37D117541D24D47B0064565A /* human_spritesheet_04.plist in Resources */,
				370839D61D28CC5C009A20EB /* human_skeleton1.csb in Resources */,
				37D117441D24D47B0064565A /* hand_gear in Resources */,
				3750CC691D2943E6003CCCAC /* foreground.csb in Resources */,
				37D1174A1D24D47B0064565A /* human_spritesheet_01.png in Resources */,
				37D117561D24D47B0064565A /* human_spritesheet_04.png in Resources */,
				F3AE94751D2D4A3C00395B44 /* mouth in Resources */,
				F3C684531D34B4C90000F1CD /* camp in Resources */,
				503AE0F817EB97AB00D1A890 /* Icon.icns in Resources */,
				F3AE94071D22550200395B44 /* star.png in Resources */,
				F3AE94791D2D4A3C00395B44 /* nose in Resources */,
				F3AE94281D23CF0300395B44 /* Layer.json in Resources */,
				F3AE941E1D23CF0300395B44 /* baloo_bhai.fnt in Resources */,
				37D117521D24D47B0064565A /* human_spritesheet_03.png in Resources */,
				521A8EAA19F11F5000D177D7 /* fonts in Resources */,
				F350D9C91D223F6B009154DE /* hp_out.png in Resources */,
				46880B7C19C43A67006E1F66 /* CloseNormal.png in Resources */,
				F3AE946D1D2D4A3C00395B44 /* english in Resources */,
				F3AE94711D2D4A3C00395B44 /* eye_ani in Resources */,
				F3AE942C1D23CF0300395B44 /* Layer1.json in Resources */,
				F350D9C71D223F6B009154DE /* hp_in.png in Resources */,
				F35736661D2F770E00518BFC /* battle_ground.csb in Resources */,
				F3AE946F1D2D4A3C00395B44 /* eye in Resources */,
				F3AE94301D23CF0300395B44 /* MainScene.json in Resources */,
				F3AE941C1D23CF0300395B44 /* baloo_bhai_0.png in Resources */,
				37D117481D24D47B0064565A /* human_spritesheet_01.plist in Resources */,
				3750CC6D1D2943E6003CCCAC /* main.csb in Resources */,
				46880B7E19C43A67006E1F66 /* CloseSelected.png in Resources */,
				37D1174C1D24D47B0064565A /* human_spritesheet_02.plist in Resources */,
				37D1174E1D24D47B0064565A /* human_spritesheet_02.png in Resources */,
				F35736641D2F770E00518BFC /* battle_ground in Resources */,
				F3AE94771D2D4A3C00395B44 /* mouth_ani in Resources */,
			);
			runOnlyForDeploymentPostprocessing = 0;
		};
/* End PBXResourcesBuildPhase section */

/* Begin PBXSourcesBuildPhase section */
		1D60588E0D05DD3D006BFB54 /* Sources */ = {
			isa = PBXSourcesBuildPhase;
			buildActionMask = 2147483647;
			files = (
				F350D9BA1D1D0631009154DE /* AlphabetGrid.cpp in Sources */,
				F3AE94501D28DD8700395B44 /* HPMeter.cpp in Sources */,
				F3C684591D34B6730000F1CD /* AppDelegate.cpp in Sources */,
				F3C684291D3206C30000F1CD /* SelectAlphamonScene.cpp in Sources */,
				F3AE94371D2515F000395B44 /* HelloWorldScene.cpp in Sources */,
				F350D9C11D1E56EF009154DE /* Alphabet.cpp in Sources */,
				F33CBE111D3103320080A4F0 /* FShake.cpp in Sources */,
				F3AE94621D2CDFF800395B44 /* CharGenerator.cpp in Sources */,
				F30C11621D1A76AA0042D6FF /* DuelScene.cpp in Sources */,
				F3AE94421D281A2E00395B44 /* Alphamon.cpp in Sources */,
				37D1171D1D24D4100064565A /* SkeletonCharacter.cpp in Sources */,
				37D117211D24D4100064565A /* GestureLayer.cpp in Sources */,
				37D117141D24D3F30064565A /* StateMachine.cpp in Sources */,
				3725F4D31D31EBEB0000B851 /* MessageContent.cpp in Sources */,
				3734F7AF1D2CFD39009DC72F /* sqlite3.c in Sources */,
				F3FFBF951D193319007FAF05 /* PhysicsShapeCache.cpp in Sources */,
				371342AA1D314DA70091F1E4 /* MessageReceiver.cpp in Sources */,
				371342A51D314D9A0091F1E4 /* MessageSender.cpp in Sources */,
				379605431D33A7F400B9E06D /* StandingState.cpp in Sources */,
				379605401D33974900B9E06D /* JumpingState.cpp in Sources */,
				503AE10017EB989F00D1A890 /* AppController.mm in Sources */,
				37D1171F1D24D4100064565A /* RPGConfig.cpp in Sources */,
				503AE10217EB989F00D1A890 /* RootViewController.mm in Sources */,
				503AE10117EB989F00D1A890 /* main.m in Sources */,
				375C88981D30B5E400D92786 /* Sqlite3Helper.cpp in Sources */,
				F3C6845B1D34B6730000F1CD /* ExternalSkeletonCharacter.cpp in Sources */,
				F3C6845F1D34B8320000F1CD /* SpeechBubbleView.cpp in Sources */,
				379605361D33916E00B9E06D /* State.cpp in Sources */,
				3796053D1D3396AD00B9E06D /* WalkingState.cpp in Sources */,
				F3C6845D1D34B6730000F1CD /* FallingState.cpp in Sources */,
			);
			runOnlyForDeploymentPostprocessing = 0;
		};
		5087E75617EB910900C73F5D /* Sources */ = {
			isa = PBXSourcesBuildPhase;
			buildActionMask = 2147483647;
			files = (
				371342AB1D314DA70091F1E4 /* MessageReceiver.cpp in Sources */,
				3725F4D41D31EBEB0000B851 /* MessageContent.cpp in Sources */,
				37D117201D24D4100064565A /* RPGConfig.cpp in Sources */,
				3725F4DA1D32585B0000B851 /* SpeechBubbleView.cpp in Sources */,
				F3AE943A1D2515F000395B44 /* main.cpp in Sources */,
				F3C684611D34B88B0000F1CD /* MessageSender.cpp in Sources */,
				F3AE94431D281A2E00395B44 /* Alphamon.cpp in Sources */,
				F3C684641D34B89F0000F1CD /* StandingState.cpp in Sources */,
				F3C684651D34B8A20000F1CD /* State.cpp in Sources */,
				F3C684621D34B8970000F1CD /* sqlite3.c in Sources */,
				F30C11631D1A76AA0042D6FF /* DuelScene.cpp in Sources */,
				F3C684631D34B89C0000F1CD /* Sqlite3Helper.cpp in Sources */,
				F350D9C21D1E56EF009154DE /* Alphabet.cpp in Sources */,
				F3C6842A1D3206C30000F1CD /* SelectAlphamonScene.cpp in Sources */,
				F33CBE121D3103320080A4F0 /* FShake.cpp in Sources */,
				F3C684661D34B8A80000F1CD /* WalkingState.cpp in Sources */,
				F3C6845A1D34B6730000F1CD /* AppDelegate.cpp in Sources */,
				37D117151D24D3F30064565A /* StateMachine.cpp in Sources */,
				37D1171E1D24D4100064565A /* SkeletonCharacter.cpp in Sources */,
				F3AE94511D28DD8700395B44 /* HPMeter.cpp in Sources */,
				F3C6845E1D34B6730000F1CD /* FallingState.cpp in Sources */,
				37D117221D24D4100064565A /* GestureLayer.cpp in Sources */,
				F3FFBF961D193319007FAF05 /* PhysicsShapeCache.cpp in Sources */,
				F3AE94631D2CDFF800395B44 /* CharGenerator.cpp in Sources */,
				F3C684601D34B8750000F1CD /* JumpingState.cpp in Sources */,
				F350D9BB1D1D0631009154DE /* AlphabetGrid.cpp in Sources */,
				46880B8B19C43A87006E1F66 /* HelloWorldScene.cpp in Sources */,
				F3C6845C1D34B6730000F1CD /* ExternalSkeletonCharacter.cpp in Sources */,
			);
			runOnlyForDeploymentPostprocessing = 0;
		};
/* End PBXSourcesBuildPhase section */

/* Begin PBXTargetDependency section */
		1AC6FB16180E9959004C840B /* PBXTargetDependency */ = {
			isa = PBXTargetDependency;
			name = "cocos2dx Mac";
			targetProxy = 1AC6FB15180E9959004C840B /* PBXContainerItemProxy */;
		};
		1AC6FB25180E99E1004C840B /* PBXTargetDependency */ = {
			isa = PBXTargetDependency;
			name = "cocos2dx iOS";
			targetProxy = 1AC6FB24180E99E1004C840B /* PBXContainerItemProxy */;
		};
/* End PBXTargetDependency section */

/* Begin XCBuildConfiguration section */
		1D6058940D05DD3E006BFB54 /* Debug */ = {
			isa = XCBuildConfiguration;
			buildSettings = {
				ALWAYS_SEARCH_USER_PATHS = YES;
				CODE_SIGN_IDENTITY = "iPhone Developer";
				COMPRESS_PNG_FILES = NO;
				ENABLE_BITCODE = NO;
				GCC_DYNAMIC_NO_PIC = NO;
				GCC_INLINES_ARE_PRIVATE_EXTERN = NO;
				GCC_PRECOMPILE_PREFIX_HEADER = YES;
				GCC_PREFIX_HEADER = ios/Prefix.pch;
				GCC_PREPROCESSOR_DEFINITIONS = (
					USE_FILE32API,
					CC_TARGET_OS_IPHONE,
					"COCOS2D_DEBUG=1",
					"CC_ENABLE_CHIPMUNK_INTEGRATION=1",
				);
				GCC_SYMBOLS_PRIVATE_EXTERN = NO;
				HEADER_SEARCH_PATHS = (
					"$(inherited)",
					"$(SRCROOT)/../cocos2d/cocos/platform/ios",
					"$(SRCROOT)/../cocos2d/cocos/platform/ios/Simulation",
				);
				INFOPLIST_FILE = ios/Info.plist;
				IPHONEOS_DEPLOYMENT_TARGET = 6.0;
				LIBRARY_SEARCH_PATHS = "";
				OTHER_LDFLAGS = (
					"$(_COCOS_LIB_IOS_BEGIN)",
					"$(_COCOS_LIB_IOS_END)",
				);
				PRODUCT_BUNDLE_IDENTIFIER = org.cocos2dx.rpg;
				SDKROOT = iphoneos;
				TARGETED_DEVICE_FAMILY = "1,2";
				USER_HEADER_SEARCH_PATHS = "$(_COCOS_HEADER_IOS_BEGIN) $(_COCOS_HEADER_IOS_END)";
				VALID_ARCHS = "arm64 armv7";
			};
			name = Debug;
		};
		1D6058950D05DD3E006BFB54 /* Release */ = {
			isa = XCBuildConfiguration;
			buildSettings = {
				ALWAYS_SEARCH_USER_PATHS = YES;
				CODE_SIGN_IDENTITY = "iPhone Developer";
				COMPRESS_PNG_FILES = NO;
				ENABLE_BITCODE = NO;
				GCC_INLINES_ARE_PRIVATE_EXTERN = NO;
				GCC_PRECOMPILE_PREFIX_HEADER = YES;
				GCC_PREFIX_HEADER = ios/Prefix.pch;
				GCC_PREPROCESSOR_DEFINITIONS = (
					USE_FILE32API,
					CC_TARGET_OS_IPHONE,
					"CC_ENABLE_CHIPMUNK_INTEGRATION=1",
				);
				GCC_SYMBOLS_PRIVATE_EXTERN = NO;
				HEADER_SEARCH_PATHS = (
					"$(inherited)",
					"$(SRCROOT)/../cocos2d/cocos/platform/ios",
					"$(SRCROOT)/../cocos2d/cocos/platform/ios/Simulation",
				);
				INFOPLIST_FILE = ios/Info.plist;
				IPHONEOS_DEPLOYMENT_TARGET = 6.0;
				LIBRARY_SEARCH_PATHS = "";
				OTHER_LDFLAGS = (
					"$(_COCOS_LIB_IOS_BEGIN)",
					"$(_COCOS_LIB_IOS_END)",
				);
				PRODUCT_BUNDLE_IDENTIFIER = org.cocos2dx.rpg;
				SDKROOT = iphoneos;
				TARGETED_DEVICE_FAMILY = "1,2";
				USER_HEADER_SEARCH_PATHS = "$(_COCOS_HEADER_IOS_BEGIN) $(_COCOS_HEADER_IOS_END)";
				VALID_ARCHS = "arm64 armv7";
			};
			name = Release;
		};
		5087E76D17EB910900C73F5D /* Debug */ = {
			isa = XCBuildConfiguration;
			buildSettings = {
				ALWAYS_SEARCH_USER_PATHS = YES;
				CLANG_CXX_LANGUAGE_STANDARD = "c++0x";
				CLANG_CXX_LIBRARY = "libc++";
				COMBINE_HIDPI_IMAGES = YES;
				GCC_DYNAMIC_NO_PIC = NO;
				GCC_INLINES_ARE_PRIVATE_EXTERN = NO;
				GCC_PRECOMPILE_PREFIX_HEADER = YES;
				GCC_PREFIX_HEADER = mac/Prefix.pch;
				GCC_PREPROCESSOR_DEFINITIONS = (
					USE_FILE32API,
					CC_TARGET_OS_MAC,
					"COCOS2D_DEBUG=1",
					"CC_ENABLE_CHIPMUNK_INTEGRATION=1",
				);
				GCC_SYMBOLS_PRIVATE_EXTERN = NO;
				HEADER_SEARCH_PATHS = (
					"$(inherited)",
					"$(SRCROOT)/../cocos2d/cocos/platform/mac",
					"$(SRCROOT)/../cocos2d/external/glfw3/include/mac",
				);
				INFOPLIST_FILE = mac/Info.plist;
				LIBRARY_SEARCH_PATHS = "";
				OTHER_LDFLAGS = (
					"$(_COCOS_LIB_MAC_BEGIN)",
					"$(_COCOS_LIB_MAC_END)",
				);
				PRODUCT_BUNDLE_IDENTIFIER = org.cocos2dx.rpg;
				USER_HEADER_SEARCH_PATHS = "$(_COCOS_HEADER_MAC_BEGIN) $(_COCOS_HEADER_MAC_END)";
			};
			name = Debug;
		};
		5087E76E17EB910900C73F5D /* Release */ = {
			isa = XCBuildConfiguration;
			buildSettings = {
				ALWAYS_SEARCH_USER_PATHS = YES;
				CLANG_CXX_LANGUAGE_STANDARD = "c++0x";
				CLANG_CXX_LIBRARY = "libc++";
				COMBINE_HIDPI_IMAGES = YES;
				GCC_INLINES_ARE_PRIVATE_EXTERN = NO;
				GCC_PRECOMPILE_PREFIX_HEADER = YES;
				GCC_PREFIX_HEADER = mac/Prefix.pch;
				GCC_PREPROCESSOR_DEFINITIONS = (
					USE_FILE32API,
					CC_TARGET_OS_MAC,
					"CC_ENABLE_CHIPMUNK_INTEGRATION=1",
				);
				GCC_SYMBOLS_PRIVATE_EXTERN = NO;
				HEADER_SEARCH_PATHS = (
					"$(inherited)",
					"$(SRCROOT)/../cocos2d/cocos/platform/mac",
					"$(SRCROOT)/../cocos2d/external/glfw3/include/mac",
				);
				INFOPLIST_FILE = mac/Info.plist;
				LIBRARY_SEARCH_PATHS = "";
				OTHER_LDFLAGS = (
					"$(_COCOS_LIB_MAC_BEGIN)",
					"$(_COCOS_LIB_MAC_END)",
				);
				PRODUCT_BUNDLE_IDENTIFIER = org.cocos2dx.rpg;
				USER_HEADER_SEARCH_PATHS = "$(_COCOS_HEADER_MAC_BEGIN) $(_COCOS_HEADER_MAC_END)";
			};
			name = Release;
		};
		C01FCF4F08A954540054247B /* Debug */ = {
			isa = XCBuildConfiguration;
			buildSettings = {
				CLANG_CXX_LANGUAGE_STANDARD = "c++0x";
				CLANG_CXX_LIBRARY = "libc++";
				COPY_PHASE_STRIP = NO;
				ENABLE_TESTABILITY = YES;
				GCC_OPTIMIZATION_LEVEL = 0;
				GCC_WARN_ABOUT_RETURN_TYPE = YES;
				GCC_WARN_UNUSED_VARIABLE = YES;
				HEADER_SEARCH_PATHS = (
					"$(SRCROOT)/../cocos2d",
					"$(SRCROOT)/../cocos2d/cocos",
					"$(SRCROOT)/../cocos2d/cocos/base",
					"$(SRCROOT)/../cocos2d/cocos/physics",
					"$(SRCROOT)/../cocos2d/cocos/math",
					"$(SRCROOT)/../cocos2d/cocos/2d",
					"$(SRCROOT)/../cocos2d/cocos/ui",
					"$(SRCROOT)/../cocos2d/cocos/network",
					"$(SRCROOT)/../cocos2d/cocos/audio/include",
					"$(SRCROOT)/../cocos2d/cocos/editor-support",
					"$(SRCROOT)/../cocos2d/extensions",
					"$(SRCROOT)/../cocos2d/external",
					"$(SRCROOT)/../cocos2d/external/chipmunk/include/chipmunk",
				);
				IPHONEOS_DEPLOYMENT_TARGET = 9.3;
				MACOSX_DEPLOYMENT_TARGET = 10.7;
				ONLY_ACTIVE_ARCH = YES;
				PRODUCT_NAME = "$(TARGET_NAME)";
				SDKROOT = macosx;
			};
			name = Debug;
		};
		C01FCF5008A954540054247B /* Release */ = {
			isa = XCBuildConfiguration;
			buildSettings = {
				CLANG_CXX_LANGUAGE_STANDARD = "c++0x";
				CLANG_CXX_LIBRARY = "libc++";
				GCC_WARN_ABOUT_RETURN_TYPE = YES;
				GCC_WARN_UNUSED_VARIABLE = YES;
				HEADER_SEARCH_PATHS = (
					"$(SRCROOT)/../cocos2d",
					"$(SRCROOT)/../cocos2d/cocos",
					"$(SRCROOT)/../cocos2d/cocos/base",
					"$(SRCROOT)/../cocos2d/cocos/physics",
					"$(SRCROOT)/../cocos2d/cocos/math",
					"$(SRCROOT)/../cocos2d/cocos/2d",
					"$(SRCROOT)/../cocos2d/cocos/ui",
					"$(SRCROOT)/../cocos2d/cocos/network",
					"$(SRCROOT)/../cocos2d/cocos/audio/include",
					"$(SRCROOT)/../cocos2d/cocos/editor-support",
					"$(SRCROOT)/../cocos2d/extensions",
					"$(SRCROOT)/../cocos2d/external",
					"$(SRCROOT)/../cocos2d/external/chipmunk/include/chipmunk",
				);
				IPHONEOS_DEPLOYMENT_TARGET = 9.3;
				MACOSX_DEPLOYMENT_TARGET = 10.7;
				OTHER_CFLAGS = "-DNS_BLOCK_ASSERTIONS=1";
				PRODUCT_NAME = "$(TARGET_NAME)";
				SDKROOT = macosx;
				VALIDATE_PRODUCT = YES;
			};
			name = Release;
		};
/* End XCBuildConfiguration section */

/* Begin XCConfigurationList section */
		1D6058960D05DD3E006BFB54 /* Build configuration list for PBXNativeTarget "rpg-mobile" */ = {
			isa = XCConfigurationList;
			buildConfigurations = (
				1D6058940D05DD3E006BFB54 /* Debug */,
				1D6058950D05DD3E006BFB54 /* Release */,
			);
			defaultConfigurationIsVisible = 0;
			defaultConfigurationName = Debug;
		};
		5087E76C17EB910900C73F5D /* Build configuration list for PBXNativeTarget "rpg-desktop" */ = {
			isa = XCConfigurationList;
			buildConfigurations = (
				5087E76D17EB910900C73F5D /* Debug */,
				5087E76E17EB910900C73F5D /* Release */,
			);
			defaultConfigurationIsVisible = 0;
			defaultConfigurationName = Debug;
		};
		C01FCF4E08A954540054247B /* Build configuration list for PBXProject "rpg" */ = {
			isa = XCConfigurationList;
			buildConfigurations = (
				C01FCF4F08A954540054247B /* Debug */,
				C01FCF5008A954540054247B /* Release */,
			);
			defaultConfigurationIsVisible = 0;
			defaultConfigurationName = Debug;
		};
/* End XCConfigurationList section */
	};
	rootObject = 29B97313FDCFA39411CA2CEA /* Project object */;
}
